
Microsoft Visual Studio Solution File, Format Version 12.00
# Visual Studio 14
VisualStudioVersion = 14.0.25420.1
MinimumVisualStudioVersion = 10.0.40219.1
Project("{8BC9CEB8-8B4A-11D0-8D11-00A0C91BC942}") = "tvpwin32", "tvpwin32.vcxproj", "{0DA37E3E-48F9-4853-AB2A-76D79042203C}"
	ProjectSection(ProjectDependencies) = postProject
		{6030C310-D5E7-39A0-A65F-6344447A66CC} = {6030C310-D5E7-39A0-A65F-6344447A66CC}
		{6BCEBA3B-7D1D-4D63-AB31-CA4570295560} = {6BCEBA3B-7D1D-4D63-AB31-CA4570295560}
		{70F4D261-0235-4052-B1CF-5BE29660A43E} = {70F4D261-0235-4052-B1CF-5BE29660A43E}
		{01EE84B8-057A-3435-8FE2-AB4A2FB93841} = {01EE84B8-057A-3435-8FE2-AB4A2FB93841}
		{78B079BD-9FC7-4B9E-B4A6-96DA0F00248B} = {78B079BD-9FC7-4B9E-B4A6-96DA0F00248B}
		{E8A3F6FA-AE1C-4C8E-A0B6-9C8480324EAA} = {E8A3F6FA-AE1C-4C8E-A0B6-9C8480324EAA}
	EndProjectSection
EndProject
Project("{8BC9CEB8-8B4A-11D0-8D11-00A0C91BC942}") = "zlib", "..\external\zlib\zlib.vcxproj", "{70F4D261-0235-4052-B1CF-5BE29660A43E}"
EndProject
Project("{8BC9CEB8-8B4A-11D0-8D11-00A0C91BC942}") = "libpng", "..\external\lpng\libpng.vcxproj", "{6BCEBA3B-7D1D-4D63-AB31-CA4570295560}"
	ProjectSection(ProjectDependencies) = postProject
		{70F4D261-0235-4052-B1CF-5BE29660A43E} = {70F4D261-0235-4052-B1CF-5BE29660A43E}
	EndProjectSection
EndProject
Project("{8BC9CEB8-8B4A-11D0-8D11-00A0C91BC942}") = "onig", "..\external\onig\onig.vcxproj", "{6030C310-D5E7-39A0-A65F-6344447A66CC}"
EndProject
Project("{8BC9CEB8-8B4A-11D0-8D11-00A0C91BC942}") = "turbojpeg-static", "..\external\libjpeg-turbo\vcproj\turbojpeg-static.vcxproj", "{01EE84B8-057A-3435-8FE2-AB4A2FB93841}"
EndProject
Project("{8BC9CEB8-8B4A-11D0-8D11-00A0C91BC942}") = "freetype", "..\external\freetype\builds\windows\vc2012\freetype.vcxproj", "{78B079BD-9FC7-4B9E-B4A6-96DA0F00248B}"
EndProject
Project("{8BC9CEB8-8B4A-11D0-8D11-00A0C91BC942}") = "BaseClasses", "..\external\baseclasses\BaseClasses.vcxproj", "{E8A3F6FA-AE1C-4C8E-A0B6-9C8480324EAA}"
EndProject
Project("{8BC9CEB8-8B4A-11D0-8D11-00A0C91BC942}") = "libEGL", "..\external\angle\src\libEGL.vcxproj", "{777AC703-C49D-E67C-F2EA-2BEDE272A25F}"
EndProject
Project("{8BC9CEB8-8B4A-11D0-8D11-00A0C91BC942}") = "libGLESv2", "..\external\angle\src\libGLESv2.vcxproj", "{D5D676ED-C189-2A6B-8DE3-F4CA6175550F}"
EndProject
Project("{8BC9CEB8-8B4A-11D0-8D11-00A0C91BC942}") = "libANGLE", "..\external\angle\src\libANGLE.vcxproj", "{D51F95B2-D343-6B88-7902-C392ACC99260}"
EndProject
Project("{2150E333-8FDC-42A3-9474-1A3956D46DE8}") = "ANGLE", "ANGLE", "{5A4211FB-7C8E-451A-949B-6554866A4FD5}"
EndProject
Project("{8BC9CEB8-8B4A-11D0-8D11-00A0C91BC942}") = "angle_common", "..\external\angle\src\angle_common.vcxproj", "{7AB4B0C9-D974-3A65-ED87-61816B6917CB}"
EndProject
Project("{8BC9CEB8-8B4A-11D0-8D11-00A0C91BC942}") = "angle_image_util", "..\external\angle\src\angle_image_util.vcxproj", "{2C440506-61D0-D32C-EB09-EE8639551197}"
EndProject
Project("{8BC9CEB8-8B4A-11D0-8D11-00A0C91BC942}") = "commit_id", "..\external\angle\src\commit_id.vcxproj", "{6CCCC557-DFA3-68D4-31FA-1EFB0C5F37B2}"
EndProject
Project("{8BC9CEB8-8B4A-11D0-8D11-00A0C91BC942}") = "copy_compiler_dll", "..\external\angle\src\copy_compiler_dll.vcxproj", "{47A3E249-4072-CEAC-C824-93730F91967A}"
EndProject
Project("{8BC9CEB8-8B4A-11D0-8D11-00A0C91BC942}") = "copy_scripts", "..\external\angle\src\copy_scripts.vcxproj", "{3A46013C-B640-778D-0A72-AD5B5DA3DDDD}"
EndProject
Project("{8BC9CEB8-8B4A-11D0-8D11-00A0C91BC942}") = "preprocessor", "..\external\angle\src\preprocessor.vcxproj", "{7642CFD5-F187-3E3F-F8FF-859949B9F13E}"
EndProject
Project("{8BC9CEB8-8B4A-11D0-8D11-00A0C91BC942}") = "translator", "..\external\angle\src\translator.vcxproj", "{6AC42CF5-8088-F4BE-7C3D-1BD1BD440FCC}"
EndProject
Project("{2150E333-8FDC-42A3-9474-1A3956D46DE8}") = "ogg", "ogg", "{82056B15-BF03-4F20-BA61-A3C75C05009C}"
EndProject
Project("{8BC9CEB8-8B4A-11D0-8D11-00A0C91BC942}") = "libogg_static", "..\external\libogg\win32\VS2015\libogg_static.vcxproj", "{15CBFEFF-7965-41F5-B4E2-21E8795C9159}"
EndProject
Project("{8BC9CEB8-8B4A-11D0-8D11-00A0C91BC942}") = "celt", "..\external\opus\win32\VS2015\celt.vcxproj", "{245603E3-F580-41A5-9632-B25FE3372CBF}"
EndProject
Project("{8BC9CEB8-8B4A-11D0-8D11-00A0C91BC942}") = "opus", "..\external\opus\win32\VS2015\opus.vcxproj", "{219EC965-228A-1824-174D-96449D05F88A}"
EndProject
Project("{8BC9CEB8-8B4A-11D0-8D11-00A0C91BC942}") = "silk_common", "..\external\opus\win32\VS2015\silk_common.vcxproj", "{C303D2FC-FF97-49B8-9DDD-467B4C9A0B16}"
	ProjectSection(ProjectDependencies) = postProject
		{219EC965-228A-1824-174D-96449D05F88A} = {219EC965-228A-1824-174D-96449D05F88A}
	EndProjectSection
EndProject
Project("{8BC9CEB8-8B4A-11D0-8D11-00A0C91BC942}") = "silk_fixed", "..\external\opus\win32\VS2015\silk_fixed.vcxproj", "{8484C90D-1561-402F-A91D-2DB10F8C5171}"
EndProject
Project("{8BC9CEB8-8B4A-11D0-8D11-00A0C91BC942}") = "silk_float", "..\external\opus\win32\VS2015\silk_float.vcxproj", "{9C4961D2-5DDB-40C7-9BE8-CA918DC4E782}"
EndProject
Project("{8BC9CEB8-8B4A-11D0-8D11-00A0C91BC942}") = "opusfile", "..\external\opusfile\win32\VS2015\opusfile.vcxproj", "{1A4B5203-52EB-4805-9511-84B1BD094FCA}"
EndProject
Global
	GlobalSection(SolutionConfigurationPlatforms) = preSolution
		Debug Multithreaded|Win32 = Debug Multithreaded|Win32
		Debug Multithreaded|x64 = Debug Multithreaded|x64
		Debug Singlethreaded|Win32 = Debug Singlethreaded|Win32
		Debug Singlethreaded|x64 = Debug Singlethreaded|x64
		Debug|Win32 = Debug|Win32
		Debug|x64 = Debug|x64
		DebugDLL|Win32 = DebugDLL|Win32
		DebugDLL|x64 = DebugDLL|x64
		Release Enable Debugger|Win32 = Release Enable Debugger|Win32
		Release Enable Debugger|x64 = Release Enable Debugger|x64
		Release Multithreaded|Win32 = Release Multithreaded|Win32
		Release Multithreaded|x64 = Release Multithreaded|x64
		Release Singlethreaded|Win32 = Release Singlethreaded|Win32
		Release Singlethreaded|x64 = Release Singlethreaded|x64
		Release|Win32 = Release|Win32
		Release|x64 = Release|x64
		ReleaseDLL|Win32 = ReleaseDLL|Win32
		ReleaseDLL|x64 = ReleaseDLL|x64
	EndGlobalSection
	GlobalSection(ProjectConfigurationPlatforms) = postSolution
		{0DA37E3E-48F9-4853-AB2A-76D79042203C}.Debug Multithreaded|Win32.ActiveCfg = Debug|Win32
		{0DA37E3E-48F9-4853-AB2A-76D79042203C}.Debug Multithreaded|Win32.Build.0 = Debug|Win32
		{0DA37E3E-48F9-4853-AB2A-76D79042203C}.Debug Multithreaded|x64.ActiveCfg = Debug|Win32
		{0DA37E3E-48F9-4853-AB2A-76D79042203C}.Debug Singlethreaded|Win32.ActiveCfg = Debug|Win32
		{0DA37E3E-48F9-4853-AB2A-76D79042203C}.Debug Singlethreaded|Win32.Build.0 = Debug|Win32
		{0DA37E3E-48F9-4853-AB2A-76D79042203C}.Debug Singlethreaded|x64.ActiveCfg = Debug|Win32
		{0DA37E3E-48F9-4853-AB2A-76D79042203C}.Debug|Win32.ActiveCfg = Debug|Win32
		{0DA37E3E-48F9-4853-AB2A-76D79042203C}.Debug|Win32.Build.0 = Debug|Win32
		{0DA37E3E-48F9-4853-AB2A-76D79042203C}.Debug|x64.ActiveCfg = Debug|x64
		{0DA37E3E-48F9-4853-AB2A-76D79042203C}.Debug|x64.Build.0 = Debug|x64
		{0DA37E3E-48F9-4853-AB2A-76D79042203C}.DebugDLL|Win32.ActiveCfg = Debug|Win32
		{0DA37E3E-48F9-4853-AB2A-76D79042203C}.DebugDLL|Win32.Build.0 = Debug|Win32
		{0DA37E3E-48F9-4853-AB2A-76D79042203C}.DebugDLL|x64.ActiveCfg = Debug|x64
		{0DA37E3E-48F9-4853-AB2A-76D79042203C}.DebugDLL|x64.Build.0 = Debug|x64
		{0DA37E3E-48F9-4853-AB2A-76D79042203C}.Release Enable Debugger|Win32.ActiveCfg = Release Enable Debugger|Win32
		{0DA37E3E-48F9-4853-AB2A-76D79042203C}.Release Enable Debugger|Win32.Build.0 = Release Enable Debugger|Win32
		{0DA37E3E-48F9-4853-AB2A-76D79042203C}.Release Enable Debugger|x64.ActiveCfg = Release Enable Debugger|x64
		{0DA37E3E-48F9-4853-AB2A-76D79042203C}.Release Enable Debugger|x64.Build.0 = Release Enable Debugger|x64
		{0DA37E3E-48F9-4853-AB2A-76D79042203C}.Release Multithreaded|Win32.ActiveCfg = Release|Win32
		{0DA37E3E-48F9-4853-AB2A-76D79042203C}.Release Multithreaded|Win32.Build.0 = Release|Win32
		{0DA37E3E-48F9-4853-AB2A-76D79042203C}.Release Multithreaded|x64.ActiveCfg = Release Enable Debugger|Win32
		{0DA37E3E-48F9-4853-AB2A-76D79042203C}.Release Singlethreaded|Win32.ActiveCfg = Release|Win32
		{0DA37E3E-48F9-4853-AB2A-76D79042203C}.Release Singlethreaded|Win32.Build.0 = Release|Win32
		{0DA37E3E-48F9-4853-AB2A-76D79042203C}.Release Singlethreaded|x64.ActiveCfg = Release Enable Debugger|Win32
		{0DA37E3E-48F9-4853-AB2A-76D79042203C}.Release|Win32.ActiveCfg = Release|Win32
		{0DA37E3E-48F9-4853-AB2A-76D79042203C}.Release|Win32.Build.0 = Release|Win32
		{0DA37E3E-48F9-4853-AB2A-76D79042203C}.Release|x64.ActiveCfg = Release|x64
		{0DA37E3E-48F9-4853-AB2A-76D79042203C}.Release|x64.Build.0 = Release|x64
		{0DA37E3E-48F9-4853-AB2A-76D79042203C}.ReleaseDLL|Win32.ActiveCfg = Release|Win32
		{0DA37E3E-48F9-4853-AB2A-76D79042203C}.ReleaseDLL|Win32.Build.0 = Release|Win32
		{0DA37E3E-48F9-4853-AB2A-76D79042203C}.ReleaseDLL|x64.ActiveCfg = Release|x64
		{0DA37E3E-48F9-4853-AB2A-76D79042203C}.ReleaseDLL|x64.Build.0 = Release|x64
		{70F4D261-0235-4052-B1CF-5BE29660A43E}.Debug Multithreaded|Win32.ActiveCfg = Debug|Win32
		{70F4D261-0235-4052-B1CF-5BE29660A43E}.Debug Multithreaded|Win32.Build.0 = Debug|Win32
		{70F4D261-0235-4052-B1CF-5BE29660A43E}.Debug Multithreaded|x64.ActiveCfg = Debug|Win32
		{70F4D261-0235-4052-B1CF-5BE29660A43E}.Debug Singlethreaded|Win32.ActiveCfg = Debug|Win32
		{70F4D261-0235-4052-B1CF-5BE29660A43E}.Debug Singlethreaded|Win32.Build.0 = Debug|Win32
		{70F4D261-0235-4052-B1CF-5BE29660A43E}.Debug Singlethreaded|x64.ActiveCfg = Debug|Win32
		{70F4D261-0235-4052-B1CF-5BE29660A43E}.Debug|Win32.ActiveCfg = Debug|Win32
		{70F4D261-0235-4052-B1CF-5BE29660A43E}.Debug|Win32.Build.0 = Debug|Win32
		{70F4D261-0235-4052-B1CF-5BE29660A43E}.Debug|x64.ActiveCfg = Debug|x64
		{70F4D261-0235-4052-B1CF-5BE29660A43E}.Debug|x64.Build.0 = Debug|x64
		{70F4D261-0235-4052-B1CF-5BE29660A43E}.DebugDLL|Win32.ActiveCfg = Debug|Win32
		{70F4D261-0235-4052-B1CF-5BE29660A43E}.DebugDLL|Win32.Build.0 = Debug|Win32
		{70F4D261-0235-4052-B1CF-5BE29660A43E}.DebugDLL|x64.ActiveCfg = Debug|x64
		{70F4D261-0235-4052-B1CF-5BE29660A43E}.DebugDLL|x64.Build.0 = Debug|x64
		{70F4D261-0235-4052-B1CF-5BE29660A43E}.Release Enable Debugger|Win32.ActiveCfg = Release|Win32
		{70F4D261-0235-4052-B1CF-5BE29660A43E}.Release Enable Debugger|Win32.Build.0 = Release|Win32
		{70F4D261-0235-4052-B1CF-5BE29660A43E}.Release Enable Debugger|x64.ActiveCfg = Release|x64
		{70F4D261-0235-4052-B1CF-5BE29660A43E}.Release Enable Debugger|x64.Build.0 = Release|x64
		{70F4D261-0235-4052-B1CF-5BE29660A43E}.Release Multithreaded|Win32.ActiveCfg = Release|Win32
		{70F4D261-0235-4052-B1CF-5BE29660A43E}.Release Multithreaded|Win32.Build.0 = Release|Win32
		{70F4D261-0235-4052-B1CF-5BE29660A43E}.Release Multithreaded|x64.ActiveCfg = Release|Win32
		{70F4D261-0235-4052-B1CF-5BE29660A43E}.Release Singlethreaded|Win32.ActiveCfg = Release|Win32
		{70F4D261-0235-4052-B1CF-5BE29660A43E}.Release Singlethreaded|Win32.Build.0 = Release|Win32
		{70F4D261-0235-4052-B1CF-5BE29660A43E}.Release Singlethreaded|x64.ActiveCfg = Release|Win32
		{70F4D261-0235-4052-B1CF-5BE29660A43E}.Release|Win32.ActiveCfg = Release|Win32
		{70F4D261-0235-4052-B1CF-5BE29660A43E}.Release|Win32.Build.0 = Release|Win32
		{70F4D261-0235-4052-B1CF-5BE29660A43E}.Release|x64.ActiveCfg = Release|x64
		{70F4D261-0235-4052-B1CF-5BE29660A43E}.Release|x64.Build.0 = Release|x64
		{70F4D261-0235-4052-B1CF-5BE29660A43E}.ReleaseDLL|Win32.ActiveCfg = Release|Win32
		{70F4D261-0235-4052-B1CF-5BE29660A43E}.ReleaseDLL|Win32.Build.0 = Release|Win32
		{70F4D261-0235-4052-B1CF-5BE29660A43E}.ReleaseDLL|x64.ActiveCfg = Release|x64
		{70F4D261-0235-4052-B1CF-5BE29660A43E}.ReleaseDLL|x64.Build.0 = Release|x64
		{6BCEBA3B-7D1D-4D63-AB31-CA4570295560}.Debug Multithreaded|Win32.ActiveCfg = Debug|Win32
		{6BCEBA3B-7D1D-4D63-AB31-CA4570295560}.Debug Multithreaded|Win32.Build.0 = Debug|Win32
		{6BCEBA3B-7D1D-4D63-AB31-CA4570295560}.Debug Multithreaded|x64.ActiveCfg = Debug|Win32
		{6BCEBA3B-7D1D-4D63-AB31-CA4570295560}.Debug Singlethreaded|Win32.ActiveCfg = Debug|Win32
		{6BCEBA3B-7D1D-4D63-AB31-CA4570295560}.Debug Singlethreaded|Win32.Build.0 = Debug|Win32
		{6BCEBA3B-7D1D-4D63-AB31-CA4570295560}.Debug Singlethreaded|x64.ActiveCfg = Debug|Win32
		{6BCEBA3B-7D1D-4D63-AB31-CA4570295560}.Debug|Win32.ActiveCfg = Debug|Win32
		{6BCEBA3B-7D1D-4D63-AB31-CA4570295560}.Debug|Win32.Build.0 = Debug|Win32
		{6BCEBA3B-7D1D-4D63-AB31-CA4570295560}.Debug|x64.ActiveCfg = Debug|x64
		{6BCEBA3B-7D1D-4D63-AB31-CA4570295560}.Debug|x64.Build.0 = Debug|x64
		{6BCEBA3B-7D1D-4D63-AB31-CA4570295560}.DebugDLL|Win32.ActiveCfg = Debug|Win32
		{6BCEBA3B-7D1D-4D63-AB31-CA4570295560}.DebugDLL|Win32.Build.0 = Debug|Win32
		{6BCEBA3B-7D1D-4D63-AB31-CA4570295560}.DebugDLL|x64.ActiveCfg = Debug|x64
		{6BCEBA3B-7D1D-4D63-AB31-CA4570295560}.DebugDLL|x64.Build.0 = Debug|x64
		{6BCEBA3B-7D1D-4D63-AB31-CA4570295560}.Release Enable Debugger|Win32.ActiveCfg = Release|Win32
		{6BCEBA3B-7D1D-4D63-AB31-CA4570295560}.Release Enable Debugger|Win32.Build.0 = Release|Win32
		{6BCEBA3B-7D1D-4D63-AB31-CA4570295560}.Release Enable Debugger|x64.ActiveCfg = Release|x64
		{6BCEBA3B-7D1D-4D63-AB31-CA4570295560}.Release Enable Debugger|x64.Build.0 = Release|x64
		{6BCEBA3B-7D1D-4D63-AB31-CA4570295560}.Release Multithreaded|Win32.ActiveCfg = Release|Win32
		{6BCEBA3B-7D1D-4D63-AB31-CA4570295560}.Release Multithreaded|Win32.Build.0 = Release|Win32
		{6BCEBA3B-7D1D-4D63-AB31-CA4570295560}.Release Multithreaded|x64.ActiveCfg = Release|Win32
		{6BCEBA3B-7D1D-4D63-AB31-CA4570295560}.Release Singlethreaded|Win32.ActiveCfg = Release|Win32
		{6BCEBA3B-7D1D-4D63-AB31-CA4570295560}.Release Singlethreaded|Win32.Build.0 = Release|Win32
		{6BCEBA3B-7D1D-4D63-AB31-CA4570295560}.Release Singlethreaded|x64.ActiveCfg = Release|Win32
		{6BCEBA3B-7D1D-4D63-AB31-CA4570295560}.Release|Win32.ActiveCfg = Release|Win32
		{6BCEBA3B-7D1D-4D63-AB31-CA4570295560}.Release|Win32.Build.0 = Release|Win32
		{6BCEBA3B-7D1D-4D63-AB31-CA4570295560}.Release|x64.ActiveCfg = Release|x64
		{6BCEBA3B-7D1D-4D63-AB31-CA4570295560}.Release|x64.Build.0 = Release|x64
		{6BCEBA3B-7D1D-4D63-AB31-CA4570295560}.ReleaseDLL|Win32.ActiveCfg = Release|Win32
		{6BCEBA3B-7D1D-4D63-AB31-CA4570295560}.ReleaseDLL|Win32.Build.0 = Release|Win32
		{6BCEBA3B-7D1D-4D63-AB31-CA4570295560}.ReleaseDLL|x64.ActiveCfg = Release|x64
		{6BCEBA3B-7D1D-4D63-AB31-CA4570295560}.ReleaseDLL|x64.Build.0 = Release|x64
		{6030C310-D5E7-39A0-A65F-6344447A66CC}.Debug Multithreaded|Win32.ActiveCfg = Debug|Win32
		{6030C310-D5E7-39A0-A65F-6344447A66CC}.Debug Multithreaded|Win32.Build.0 = Debug|Win32
		{6030C310-D5E7-39A0-A65F-6344447A66CC}.Debug Multithreaded|x64.ActiveCfg = Debug|Win32
		{6030C310-D5E7-39A0-A65F-6344447A66CC}.Debug Singlethreaded|Win32.ActiveCfg = Debug|Win32
		{6030C310-D5E7-39A0-A65F-6344447A66CC}.Debug Singlethreaded|Win32.Build.0 = Debug|Win32
		{6030C310-D5E7-39A0-A65F-6344447A66CC}.Debug Singlethreaded|x64.ActiveCfg = Debug|Win32
		{6030C310-D5E7-39A0-A65F-6344447A66CC}.Debug|Win32.ActiveCfg = Debug|Win32
		{6030C310-D5E7-39A0-A65F-6344447A66CC}.Debug|Win32.Build.0 = Debug|Win32
		{6030C310-D5E7-39A0-A65F-6344447A66CC}.Debug|x64.ActiveCfg = Debug|x64
		{6030C310-D5E7-39A0-A65F-6344447A66CC}.Debug|x64.Build.0 = Debug|x64
		{6030C310-D5E7-39A0-A65F-6344447A66CC}.DebugDLL|Win32.ActiveCfg = Debug|Win32
		{6030C310-D5E7-39A0-A65F-6344447A66CC}.DebugDLL|Win32.Build.0 = Debug|Win32
		{6030C310-D5E7-39A0-A65F-6344447A66CC}.DebugDLL|x64.ActiveCfg = Debug|x64
		{6030C310-D5E7-39A0-A65F-6344447A66CC}.DebugDLL|x64.Build.0 = Debug|x64
		{6030C310-D5E7-39A0-A65F-6344447A66CC}.Release Enable Debugger|Win32.ActiveCfg = Release|Win32
		{6030C310-D5E7-39A0-A65F-6344447A66CC}.Release Enable Debugger|Win32.Build.0 = Release|Win32
		{6030C310-D5E7-39A0-A65F-6344447A66CC}.Release Enable Debugger|x64.ActiveCfg = Release|x64
		{6030C310-D5E7-39A0-A65F-6344447A66CC}.Release Enable Debugger|x64.Build.0 = Release|x64
		{6030C310-D5E7-39A0-A65F-6344447A66CC}.Release Multithreaded|Win32.ActiveCfg = Release|Win32
		{6030C310-D5E7-39A0-A65F-6344447A66CC}.Release Multithreaded|Win32.Build.0 = Release|Win32
		{6030C310-D5E7-39A0-A65F-6344447A66CC}.Release Multithreaded|x64.ActiveCfg = Release|Win32
		{6030C310-D5E7-39A0-A65F-6344447A66CC}.Release Singlethreaded|Win32.ActiveCfg = Release|Win32
		{6030C310-D5E7-39A0-A65F-6344447A66CC}.Release Singlethreaded|Win32.Build.0 = Release|Win32
		{6030C310-D5E7-39A0-A65F-6344447A66CC}.Release Singlethreaded|x64.ActiveCfg = Release|Win32
		{6030C310-D5E7-39A0-A65F-6344447A66CC}.Release|Win32.ActiveCfg = Release|Win32
		{6030C310-D5E7-39A0-A65F-6344447A66CC}.Release|Win32.Build.0 = Release|Win32
		{6030C310-D5E7-39A0-A65F-6344447A66CC}.Release|x64.ActiveCfg = Release|x64
		{6030C310-D5E7-39A0-A65F-6344447A66CC}.Release|x64.Build.0 = Release|x64
		{6030C310-D5E7-39A0-A65F-6344447A66CC}.ReleaseDLL|Win32.ActiveCfg = Release|Win32
		{6030C310-D5E7-39A0-A65F-6344447A66CC}.ReleaseDLL|Win32.Build.0 = Release|Win32
		{6030C310-D5E7-39A0-A65F-6344447A66CC}.ReleaseDLL|x64.ActiveCfg = Release|x64
		{6030C310-D5E7-39A0-A65F-6344447A66CC}.ReleaseDLL|x64.Build.0 = Release|x64
		{01EE84B8-057A-3435-8FE2-AB4A2FB93841}.Debug Multithreaded|Win32.ActiveCfg = Debug|Win32
		{01EE84B8-057A-3435-8FE2-AB4A2FB93841}.Debug Multithreaded|Win32.Build.0 = Debug|Win32
		{01EE84B8-057A-3435-8FE2-AB4A2FB93841}.Debug Multithreaded|x64.ActiveCfg = Debug|Win32
		{01EE84B8-057A-3435-8FE2-AB4A2FB93841}.Debug Singlethreaded|Win32.ActiveCfg = Debug|Win32
		{01EE84B8-057A-3435-8FE2-AB4A2FB93841}.Debug Singlethreaded|Win32.Build.0 = Debug|Win32
		{01EE84B8-057A-3435-8FE2-AB4A2FB93841}.Debug Singlethreaded|x64.ActiveCfg = Debug|Win32
		{01EE84B8-057A-3435-8FE2-AB4A2FB93841}.Debug|Win32.ActiveCfg = Debug|Win32
		{01EE84B8-057A-3435-8FE2-AB4A2FB93841}.Debug|Win32.Build.0 = Debug|Win32
		{01EE84B8-057A-3435-8FE2-AB4A2FB93841}.Debug|x64.ActiveCfg = Debug|x64
		{01EE84B8-057A-3435-8FE2-AB4A2FB93841}.Debug|x64.Build.0 = Debug|x64
		{01EE84B8-057A-3435-8FE2-AB4A2FB93841}.DebugDLL|Win32.ActiveCfg = Debug|Win32
		{01EE84B8-057A-3435-8FE2-AB4A2FB93841}.DebugDLL|Win32.Build.0 = Debug|Win32
		{01EE84B8-057A-3435-8FE2-AB4A2FB93841}.DebugDLL|x64.ActiveCfg = Debug|x64
		{01EE84B8-057A-3435-8FE2-AB4A2FB93841}.DebugDLL|x64.Build.0 = Debug|x64
		{01EE84B8-057A-3435-8FE2-AB4A2FB93841}.Release Enable Debugger|Win32.ActiveCfg = Release|Win32
		{01EE84B8-057A-3435-8FE2-AB4A2FB93841}.Release Enable Debugger|Win32.Build.0 = Release|Win32
		{01EE84B8-057A-3435-8FE2-AB4A2FB93841}.Release Enable Debugger|x64.ActiveCfg = Release|x64
		{01EE84B8-057A-3435-8FE2-AB4A2FB93841}.Release Enable Debugger|x64.Build.0 = Release|x64
		{01EE84B8-057A-3435-8FE2-AB4A2FB93841}.Release Multithreaded|Win32.ActiveCfg = Release|Win32
		{01EE84B8-057A-3435-8FE2-AB4A2FB93841}.Release Multithreaded|Win32.Build.0 = Release|Win32
		{01EE84B8-057A-3435-8FE2-AB4A2FB93841}.Release Multithreaded|x64.ActiveCfg = Release|Win32
		{01EE84B8-057A-3435-8FE2-AB4A2FB93841}.Release Singlethreaded|Win32.ActiveCfg = Release|Win32
		{01EE84B8-057A-3435-8FE2-AB4A2FB93841}.Release Singlethreaded|Win32.Build.0 = Release|Win32
		{01EE84B8-057A-3435-8FE2-AB4A2FB93841}.Release Singlethreaded|x64.ActiveCfg = Release|Win32
		{01EE84B8-057A-3435-8FE2-AB4A2FB93841}.Release|Win32.ActiveCfg = Release|Win32
		{01EE84B8-057A-3435-8FE2-AB4A2FB93841}.Release|Win32.Build.0 = Release|Win32
		{01EE84B8-057A-3435-8FE2-AB4A2FB93841}.Release|x64.ActiveCfg = Release|x64
		{01EE84B8-057A-3435-8FE2-AB4A2FB93841}.Release|x64.Build.0 = Release|x64
		{01EE84B8-057A-3435-8FE2-AB4A2FB93841}.ReleaseDLL|Win32.ActiveCfg = Release|Win32
		{01EE84B8-057A-3435-8FE2-AB4A2FB93841}.ReleaseDLL|Win32.Build.0 = Release|Win32
		{01EE84B8-057A-3435-8FE2-AB4A2FB93841}.ReleaseDLL|x64.ActiveCfg = Release|x64
		{01EE84B8-057A-3435-8FE2-AB4A2FB93841}.ReleaseDLL|x64.Build.0 = Release|x64
		{78B079BD-9FC7-4B9E-B4A6-96DA0F00248B}.Debug Multithreaded|Win32.ActiveCfg = Debug Multithreaded|Win32
		{78B079BD-9FC7-4B9E-B4A6-96DA0F00248B}.Debug Multithreaded|Win32.Build.0 = Debug Multithreaded|Win32
		{78B079BD-9FC7-4B9E-B4A6-96DA0F00248B}.Debug Multithreaded|x64.ActiveCfg = Debug Multithreaded|x64
		{78B079BD-9FC7-4B9E-B4A6-96DA0F00248B}.Debug Multithreaded|x64.Build.0 = Debug Multithreaded|x64
		{78B079BD-9FC7-4B9E-B4A6-96DA0F00248B}.Debug Singlethreaded|Win32.ActiveCfg = Debug Singlethreaded|Win32
		{78B079BD-9FC7-4B9E-B4A6-96DA0F00248B}.Debug Singlethreaded|Win32.Build.0 = Debug Singlethreaded|Win32
		{78B079BD-9FC7-4B9E-B4A6-96DA0F00248B}.Debug Singlethreaded|x64.ActiveCfg = Debug Singlethreaded|x64
		{78B079BD-9FC7-4B9E-B4A6-96DA0F00248B}.Debug Singlethreaded|x64.Build.0 = Debug Singlethreaded|x64
		{78B079BD-9FC7-4B9E-B4A6-96DA0F00248B}.Debug|Win32.ActiveCfg = Debug Multithreaded|Win32
		{78B079BD-9FC7-4B9E-B4A6-96DA0F00248B}.Debug|Win32.Build.0 = Debug Multithreaded|Win32
		{78B079BD-9FC7-4B9E-B4A6-96DA0F00248B}.Debug|x64.ActiveCfg = Debug Multithreaded|x64
		{78B079BD-9FC7-4B9E-B4A6-96DA0F00248B}.Debug|x64.Build.0 = Debug Multithreaded|x64
		{78B079BD-9FC7-4B9E-B4A6-96DA0F00248B}.DebugDLL|Win32.ActiveCfg = Debug|Win32
		{78B079BD-9FC7-4B9E-B4A6-96DA0F00248B}.DebugDLL|Win32.Build.0 = Debug|Win32
		{78B079BD-9FC7-4B9E-B4A6-96DA0F00248B}.DebugDLL|x64.ActiveCfg = Debug|x64
		{78B079BD-9FC7-4B9E-B4A6-96DA0F00248B}.DebugDLL|x64.Build.0 = Debug|x64
		{78B079BD-9FC7-4B9E-B4A6-96DA0F00248B}.Release Enable Debugger|Win32.ActiveCfg = Release Multithreaded|Win32
		{78B079BD-9FC7-4B9E-B4A6-96DA0F00248B}.Release Enable Debugger|Win32.Build.0 = Release Multithreaded|Win32
		{78B079BD-9FC7-4B9E-B4A6-96DA0F00248B}.Release Enable Debugger|x64.ActiveCfg = Release Multithreaded|x64
		{78B079BD-9FC7-4B9E-B4A6-96DA0F00248B}.Release Enable Debugger|x64.Build.0 = Release Multithreaded|x64
		{78B079BD-9FC7-4B9E-B4A6-96DA0F00248B}.Release Multithreaded|Win32.ActiveCfg = Release Multithreaded|Win32
		{78B079BD-9FC7-4B9E-B4A6-96DA0F00248B}.Release Multithreaded|Win32.Build.0 = Release Multithreaded|Win32
		{78B079BD-9FC7-4B9E-B4A6-96DA0F00248B}.Release Multithreaded|x64.ActiveCfg = Release Multithreaded|x64
		{78B079BD-9FC7-4B9E-B4A6-96DA0F00248B}.Release Multithreaded|x64.Build.0 = Release Multithreaded|x64
		{78B079BD-9FC7-4B9E-B4A6-96DA0F00248B}.Release Singlethreaded|Win32.ActiveCfg = Release Singlethreaded|Win32
		{78B079BD-9FC7-4B9E-B4A6-96DA0F00248B}.Release Singlethreaded|Win32.Build.0 = Release Singlethreaded|Win32
		{78B079BD-9FC7-4B9E-B4A6-96DA0F00248B}.Release Singlethreaded|x64.ActiveCfg = Release Singlethreaded|x64
		{78B079BD-9FC7-4B9E-B4A6-96DA0F00248B}.Release Singlethreaded|x64.Build.0 = Release Singlethreaded|x64
		{78B079BD-9FC7-4B9E-B4A6-96DA0F00248B}.Release|Win32.ActiveCfg = Release Multithreaded|Win32
		{78B079BD-9FC7-4B9E-B4A6-96DA0F00248B}.Release|Win32.Build.0 = Release Multithreaded|Win32
		{78B079BD-9FC7-4B9E-B4A6-96DA0F00248B}.Release|x64.ActiveCfg = Release Multithreaded|x64
		{78B079BD-9FC7-4B9E-B4A6-96DA0F00248B}.Release|x64.Build.0 = Release Multithreaded|x64
		{78B079BD-9FC7-4B9E-B4A6-96DA0F00248B}.ReleaseDLL|Win32.ActiveCfg = Release|Win32
		{78B079BD-9FC7-4B9E-B4A6-96DA0F00248B}.ReleaseDLL|Win32.Build.0 = Release|Win32
		{78B079BD-9FC7-4B9E-B4A6-96DA0F00248B}.ReleaseDLL|x64.ActiveCfg = Release|x64
		{78B079BD-9FC7-4B9E-B4A6-96DA0F00248B}.ReleaseDLL|x64.Build.0 = Release|x64
		{E8A3F6FA-AE1C-4C8E-A0B6-9C8480324EAA}.Debug Multithreaded|Win32.ActiveCfg = Debug|Win32
		{E8A3F6FA-AE1C-4C8E-A0B6-9C8480324EAA}.Debug Multithreaded|Win32.Build.0 = Debug|Win32
		{E8A3F6FA-AE1C-4C8E-A0B6-9C8480324EAA}.Debug Multithreaded|x64.ActiveCfg = Debug|x64
		{E8A3F6FA-AE1C-4C8E-A0B6-9C8480324EAA}.Debug Multithreaded|x64.Build.0 = Debug|x64
		{E8A3F6FA-AE1C-4C8E-A0B6-9C8480324EAA}.Debug Singlethreaded|Win32.ActiveCfg = Debug|Win32
		{E8A3F6FA-AE1C-4C8E-A0B6-9C8480324EAA}.Debug Singlethreaded|Win32.Build.0 = Debug|Win32
		{E8A3F6FA-AE1C-4C8E-A0B6-9C8480324EAA}.Debug Singlethreaded|x64.ActiveCfg = Debug|x64
		{E8A3F6FA-AE1C-4C8E-A0B6-9C8480324EAA}.Debug Singlethreaded|x64.Build.0 = Debug|x64
		{E8A3F6FA-AE1C-4C8E-A0B6-9C8480324EAA}.Debug|Win32.ActiveCfg = Debug|Win32
		{E8A3F6FA-AE1C-4C8E-A0B6-9C8480324EAA}.Debug|Win32.Build.0 = Debug|Win32
		{E8A3F6FA-AE1C-4C8E-A0B6-9C8480324EAA}.Debug|x64.ActiveCfg = Debug|x64
		{E8A3F6FA-AE1C-4C8E-A0B6-9C8480324EAA}.Debug|x64.Build.0 = Debug|x64
		{E8A3F6FA-AE1C-4C8E-A0B6-9C8480324EAA}.DebugDLL|Win32.ActiveCfg = Debug|Win32
		{E8A3F6FA-AE1C-4C8E-A0B6-9C8480324EAA}.DebugDLL|Win32.Build.0 = Debug|Win32
		{E8A3F6FA-AE1C-4C8E-A0B6-9C8480324EAA}.DebugDLL|x64.ActiveCfg = Debug|x64
		{E8A3F6FA-AE1C-4C8E-A0B6-9C8480324EAA}.DebugDLL|x64.Build.0 = Debug|x64
		{E8A3F6FA-AE1C-4C8E-A0B6-9C8480324EAA}.Release Enable Debugger|Win32.ActiveCfg = Release|Win32
		{E8A3F6FA-AE1C-4C8E-A0B6-9C8480324EAA}.Release Enable Debugger|Win32.Build.0 = Release|Win32
		{E8A3F6FA-AE1C-4C8E-A0B6-9C8480324EAA}.Release Enable Debugger|x64.ActiveCfg = Release|x64
		{E8A3F6FA-AE1C-4C8E-A0B6-9C8480324EAA}.Release Enable Debugger|x64.Build.0 = Release|x64
		{E8A3F6FA-AE1C-4C8E-A0B6-9C8480324EAA}.Release Multithreaded|Win32.ActiveCfg = Release|Win32
		{E8A3F6FA-AE1C-4C8E-A0B6-9C8480324EAA}.Release Multithreaded|Win32.Build.0 = Release|Win32
		{E8A3F6FA-AE1C-4C8E-A0B6-9C8480324EAA}.Release Multithreaded|x64.ActiveCfg = Release|x64
		{E8A3F6FA-AE1C-4C8E-A0B6-9C8480324EAA}.Release Multithreaded|x64.Build.0 = Release|x64
		{E8A3F6FA-AE1C-4C8E-A0B6-9C8480324EAA}.Release Singlethreaded|Win32.ActiveCfg = Release|Win32
		{E8A3F6FA-AE1C-4C8E-A0B6-9C8480324EAA}.Release Singlethreaded|Win32.Build.0 = Release|Win32
		{E8A3F6FA-AE1C-4C8E-A0B6-9C8480324EAA}.Release Singlethreaded|x64.ActiveCfg = Release|x64
		{E8A3F6FA-AE1C-4C8E-A0B6-9C8480324EAA}.Release Singlethreaded|x64.Build.0 = Release|x64
		{E8A3F6FA-AE1C-4C8E-A0B6-9C8480324EAA}.Release|Win32.ActiveCfg = Release|Win32
		{E8A3F6FA-AE1C-4C8E-A0B6-9C8480324EAA}.Release|Win32.Build.0 = Release|Win32
		{E8A3F6FA-AE1C-4C8E-A0B6-9C8480324EAA}.Release|x64.ActiveCfg = Release|x64
		{E8A3F6FA-AE1C-4C8E-A0B6-9C8480324EAA}.Release|x64.Build.0 = Release|x64
		{E8A3F6FA-AE1C-4C8E-A0B6-9C8480324EAA}.ReleaseDLL|Win32.ActiveCfg = Release|Win32
		{E8A3F6FA-AE1C-4C8E-A0B6-9C8480324EAA}.ReleaseDLL|Win32.Build.0 = Release|Win32
		{E8A3F6FA-AE1C-4C8E-A0B6-9C8480324EAA}.ReleaseDLL|x64.ActiveCfg = Release|x64
		{E8A3F6FA-AE1C-4C8E-A0B6-9C8480324EAA}.ReleaseDLL|x64.Build.0 = Release|x64
		{777AC703-C49D-E67C-F2EA-2BEDE272A25F}.Debug Multithreaded|Win32.ActiveCfg = Debug|Win32
		{777AC703-C49D-E67C-F2EA-2BEDE272A25F}.Debug Multithreaded|Win32.Build.0 = Debug|Win32
		{777AC703-C49D-E67C-F2EA-2BEDE272A25F}.Debug Multithreaded|x64.ActiveCfg = Debug|x64
		{777AC703-C49D-E67C-F2EA-2BEDE272A25F}.Debug Multithreaded|x64.Build.0 = Debug|x64
		{777AC703-C49D-E67C-F2EA-2BEDE272A25F}.Debug Singlethreaded|Win32.ActiveCfg = Debug|Win32
		{777AC703-C49D-E67C-F2EA-2BEDE272A25F}.Debug Singlethreaded|Win32.Build.0 = Debug|Win32
		{777AC703-C49D-E67C-F2EA-2BEDE272A25F}.Debug Singlethreaded|x64.ActiveCfg = Debug|x64
		{777AC703-C49D-E67C-F2EA-2BEDE272A25F}.Debug Singlethreaded|x64.Build.0 = Debug|x64
		{777AC703-C49D-E67C-F2EA-2BEDE272A25F}.Debug|Win32.ActiveCfg = Debug|Win32
		{777AC703-C49D-E67C-F2EA-2BEDE272A25F}.Debug|Win32.Build.0 = Debug|Win32
		{777AC703-C49D-E67C-F2EA-2BEDE272A25F}.Debug|x64.ActiveCfg = Debug|x64
		{777AC703-C49D-E67C-F2EA-2BEDE272A25F}.Debug|x64.Build.0 = Debug|x64
		{777AC703-C49D-E67C-F2EA-2BEDE272A25F}.DebugDLL|Win32.ActiveCfg = Debug|Win32
		{777AC703-C49D-E67C-F2EA-2BEDE272A25F}.DebugDLL|Win32.Build.0 = Debug|Win32
		{777AC703-C49D-E67C-F2EA-2BEDE272A25F}.DebugDLL|x64.ActiveCfg = Debug|x64
		{777AC703-C49D-E67C-F2EA-2BEDE272A25F}.DebugDLL|x64.Build.0 = Debug|x64
		{777AC703-C49D-E67C-F2EA-2BEDE272A25F}.Release Enable Debugger|Win32.ActiveCfg = Release|Win32
		{777AC703-C49D-E67C-F2EA-2BEDE272A25F}.Release Enable Debugger|Win32.Build.0 = Release|Win32
		{777AC703-C49D-E67C-F2EA-2BEDE272A25F}.Release Enable Debugger|x64.ActiveCfg = Release|x64
		{777AC703-C49D-E67C-F2EA-2BEDE272A25F}.Release Enable Debugger|x64.Build.0 = Release|x64
		{777AC703-C49D-E67C-F2EA-2BEDE272A25F}.Release Multithreaded|Win32.ActiveCfg = Release|Win32
		{777AC703-C49D-E67C-F2EA-2BEDE272A25F}.Release Multithreaded|Win32.Build.0 = Release|Win32
		{777AC703-C49D-E67C-F2EA-2BEDE272A25F}.Release Multithreaded|x64.ActiveCfg = Release|x64
		{777AC703-C49D-E67C-F2EA-2BEDE272A25F}.Release Multithreaded|x64.Build.0 = Release|x64
		{777AC703-C49D-E67C-F2EA-2BEDE272A25F}.Release Singlethreaded|Win32.ActiveCfg = Release|Win32
		{777AC703-C49D-E67C-F2EA-2BEDE272A25F}.Release Singlethreaded|Win32.Build.0 = Release|Win32
		{777AC703-C49D-E67C-F2EA-2BEDE272A25F}.Release Singlethreaded|x64.ActiveCfg = Release|x64
		{777AC703-C49D-E67C-F2EA-2BEDE272A25F}.Release Singlethreaded|x64.Build.0 = Release|x64
		{777AC703-C49D-E67C-F2EA-2BEDE272A25F}.Release|Win32.ActiveCfg = Release|Win32
		{777AC703-C49D-E67C-F2EA-2BEDE272A25F}.Release|Win32.Build.0 = Release|Win32
		{777AC703-C49D-E67C-F2EA-2BEDE272A25F}.Release|x64.ActiveCfg = Release|x64
		{777AC703-C49D-E67C-F2EA-2BEDE272A25F}.Release|x64.Build.0 = Release|x64
		{777AC703-C49D-E67C-F2EA-2BEDE272A25F}.ReleaseDLL|Win32.ActiveCfg = Release|Win32
		{777AC703-C49D-E67C-F2EA-2BEDE272A25F}.ReleaseDLL|Win32.Build.0 = Release|Win32
		{777AC703-C49D-E67C-F2EA-2BEDE272A25F}.ReleaseDLL|x64.ActiveCfg = Release|x64
		{777AC703-C49D-E67C-F2EA-2BEDE272A25F}.ReleaseDLL|x64.Build.0 = Release|x64
		{D5D676ED-C189-2A6B-8DE3-F4CA6175550F}.Debug Multithreaded|Win32.ActiveCfg = Debug|Win32
		{D5D676ED-C189-2A6B-8DE3-F4CA6175550F}.Debug Multithreaded|Win32.Build.0 = Debug|Win32
		{D5D676ED-C189-2A6B-8DE3-F4CA6175550F}.Debug Multithreaded|x64.ActiveCfg = Debug|x64
		{D5D676ED-C189-2A6B-8DE3-F4CA6175550F}.Debug Multithreaded|x64.Build.0 = Debug|x64
		{D5D676ED-C189-2A6B-8DE3-F4CA6175550F}.Debug Singlethreaded|Win32.ActiveCfg = Debug|Win32
		{D5D676ED-C189-2A6B-8DE3-F4CA6175550F}.Debug Singlethreaded|Win32.Build.0 = Debug|Win32
		{D5D676ED-C189-2A6B-8DE3-F4CA6175550F}.Debug Singlethreaded|x64.ActiveCfg = Debug|x64
		{D5D676ED-C189-2A6B-8DE3-F4CA6175550F}.Debug Singlethreaded|x64.Build.0 = Debug|x64
		{D5D676ED-C189-2A6B-8DE3-F4CA6175550F}.Debug|Win32.ActiveCfg = Debug|Win32
		{D5D676ED-C189-2A6B-8DE3-F4CA6175550F}.Debug|Win32.Build.0 = Debug|Win32
		{D5D676ED-C189-2A6B-8DE3-F4CA6175550F}.Debug|x64.ActiveCfg = Debug|x64
		{D5D676ED-C189-2A6B-8DE3-F4CA6175550F}.Debug|x64.Build.0 = Debug|x64
		{D5D676ED-C189-2A6B-8DE3-F4CA6175550F}.DebugDLL|Win32.ActiveCfg = Debug|Win32
		{D5D676ED-C189-2A6B-8DE3-F4CA6175550F}.DebugDLL|Win32.Build.0 = Debug|Win32
		{D5D676ED-C189-2A6B-8DE3-F4CA6175550F}.DebugDLL|x64.ActiveCfg = Debug|x64
		{D5D676ED-C189-2A6B-8DE3-F4CA6175550F}.DebugDLL|x64.Build.0 = Debug|x64
		{D5D676ED-C189-2A6B-8DE3-F4CA6175550F}.Release Enable Debugger|Win32.ActiveCfg = Release|Win32
		{D5D676ED-C189-2A6B-8DE3-F4CA6175550F}.Release Enable Debugger|Win32.Build.0 = Release|Win32
		{D5D676ED-C189-2A6B-8DE3-F4CA6175550F}.Release Enable Debugger|x64.ActiveCfg = Release|x64
		{D5D676ED-C189-2A6B-8DE3-F4CA6175550F}.Release Enable Debugger|x64.Build.0 = Release|x64
		{D5D676ED-C189-2A6B-8DE3-F4CA6175550F}.Release Multithreaded|Win32.ActiveCfg = Release|Win32
		{D5D676ED-C189-2A6B-8DE3-F4CA6175550F}.Release Multithreaded|Win32.Build.0 = Release|Win32
		{D5D676ED-C189-2A6B-8DE3-F4CA6175550F}.Release Multithreaded|x64.ActiveCfg = Release|x64
		{D5D676ED-C189-2A6B-8DE3-F4CA6175550F}.Release Multithreaded|x64.Build.0 = Release|x64
		{D5D676ED-C189-2A6B-8DE3-F4CA6175550F}.Release Singlethreaded|Win32.ActiveCfg = Release|Win32
		{D5D676ED-C189-2A6B-8DE3-F4CA6175550F}.Release Singlethreaded|Win32.Build.0 = Release|Win32
		{D5D676ED-C189-2A6B-8DE3-F4CA6175550F}.Release Singlethreaded|x64.ActiveCfg = Release|x64
		{D5D676ED-C189-2A6B-8DE3-F4CA6175550F}.Release Singlethreaded|x64.Build.0 = Release|x64
		{D5D676ED-C189-2A6B-8DE3-F4CA6175550F}.Release|Win32.ActiveCfg = Release|Win32
		{D5D676ED-C189-2A6B-8DE3-F4CA6175550F}.Release|Win32.Build.0 = Release|Win32
		{D5D676ED-C189-2A6B-8DE3-F4CA6175550F}.Release|x64.ActiveCfg = Release|x64
		{D5D676ED-C189-2A6B-8DE3-F4CA6175550F}.Release|x64.Build.0 = Release|x64
		{D5D676ED-C189-2A6B-8DE3-F4CA6175550F}.ReleaseDLL|Win32.ActiveCfg = Release|Win32
		{D5D676ED-C189-2A6B-8DE3-F4CA6175550F}.ReleaseDLL|Win32.Build.0 = Release|Win32
		{D5D676ED-C189-2A6B-8DE3-F4CA6175550F}.ReleaseDLL|x64.ActiveCfg = Release|x64
		{D5D676ED-C189-2A6B-8DE3-F4CA6175550F}.ReleaseDLL|x64.Build.0 = Release|x64
		{D51F95B2-D343-6B88-7902-C392ACC99260}.Debug Multithreaded|Win32.ActiveCfg = Debug|Win32
		{D51F95B2-D343-6B88-7902-C392ACC99260}.Debug Multithreaded|Win32.Build.0 = Debug|Win32
		{D51F95B2-D343-6B88-7902-C392ACC99260}.Debug Multithreaded|x64.ActiveCfg = Debug|x64
		{D51F95B2-D343-6B88-7902-C392ACC99260}.Debug Multithreaded|x64.Build.0 = Debug|x64
		{D51F95B2-D343-6B88-7902-C392ACC99260}.Debug Singlethreaded|Win32.ActiveCfg = Debug|Win32
		{D51F95B2-D343-6B88-7902-C392ACC99260}.Debug Singlethreaded|Win32.Build.0 = Debug|Win32
		{D51F95B2-D343-6B88-7902-C392ACC99260}.Debug Singlethreaded|x64.ActiveCfg = Debug|x64
		{D51F95B2-D343-6B88-7902-C392ACC99260}.Debug Singlethreaded|x64.Build.0 = Debug|x64
		{D51F95B2-D343-6B88-7902-C392ACC99260}.Debug|Win32.ActiveCfg = Debug|Win32
		{D51F95B2-D343-6B88-7902-C392ACC99260}.Debug|Win32.Build.0 = Debug|Win32
		{D51F95B2-D343-6B88-7902-C392ACC99260}.Debug|x64.ActiveCfg = Debug|x64
		{D51F95B2-D343-6B88-7902-C392ACC99260}.Debug|x64.Build.0 = Debug|x64
		{D51F95B2-D343-6B88-7902-C392ACC99260}.DebugDLL|Win32.ActiveCfg = Debug|Win32
		{D51F95B2-D343-6B88-7902-C392ACC99260}.DebugDLL|Win32.Build.0 = Debug|Win32
		{D51F95B2-D343-6B88-7902-C392ACC99260}.DebugDLL|x64.ActiveCfg = Debug|x64
		{D51F95B2-D343-6B88-7902-C392ACC99260}.DebugDLL|x64.Build.0 = Debug|x64
		{D51F95B2-D343-6B88-7902-C392ACC99260}.Release Enable Debugger|Win32.ActiveCfg = Release|Win32
		{D51F95B2-D343-6B88-7902-C392ACC99260}.Release Enable Debugger|Win32.Build.0 = Release|Win32
		{D51F95B2-D343-6B88-7902-C392ACC99260}.Release Enable Debugger|x64.ActiveCfg = Release|x64
		{D51F95B2-D343-6B88-7902-C392ACC99260}.Release Enable Debugger|x64.Build.0 = Release|x64
		{D51F95B2-D343-6B88-7902-C392ACC99260}.Release Multithreaded|Win32.ActiveCfg = Release|Win32
		{D51F95B2-D343-6B88-7902-C392ACC99260}.Release Multithreaded|Win32.Build.0 = Release|Win32
		{D51F95B2-D343-6B88-7902-C392ACC99260}.Release Multithreaded|x64.ActiveCfg = Release|x64
		{D51F95B2-D343-6B88-7902-C392ACC99260}.Release Multithreaded|x64.Build.0 = Release|x64
		{D51F95B2-D343-6B88-7902-C392ACC99260}.Release Singlethreaded|Win32.ActiveCfg = Release|Win32
		{D51F95B2-D343-6B88-7902-C392ACC99260}.Release Singlethreaded|Win32.Build.0 = Release|Win32
		{D51F95B2-D343-6B88-7902-C392ACC99260}.Release Singlethreaded|x64.ActiveCfg = Release|x64
		{D51F95B2-D343-6B88-7902-C392ACC99260}.Release Singlethreaded|x64.Build.0 = Release|x64
		{D51F95B2-D343-6B88-7902-C392ACC99260}.Release|Win32.ActiveCfg = Release|Win32
		{D51F95B2-D343-6B88-7902-C392ACC99260}.Release|Win32.Build.0 = Release|Win32
		{D51F95B2-D343-6B88-7902-C392ACC99260}.Release|x64.ActiveCfg = Release|x64
		{D51F95B2-D343-6B88-7902-C392ACC99260}.Release|x64.Build.0 = Release|x64
		{D51F95B2-D343-6B88-7902-C392ACC99260}.ReleaseDLL|Win32.ActiveCfg = Release|Win32
		{D51F95B2-D343-6B88-7902-C392ACC99260}.ReleaseDLL|Win32.Build.0 = Release|Win32
		{D51F95B2-D343-6B88-7902-C392ACC99260}.ReleaseDLL|x64.ActiveCfg = Release|x64
		{D51F95B2-D343-6B88-7902-C392ACC99260}.ReleaseDLL|x64.Build.0 = Release|x64
		{7AB4B0C9-D974-3A65-ED87-61816B6917CB}.Debug Multithreaded|Win32.ActiveCfg = Debug|Win32
		{7AB4B0C9-D974-3A65-ED87-61816B6917CB}.Debug Multithreaded|Win32.Build.0 = Debug|Win32
		{7AB4B0C9-D974-3A65-ED87-61816B6917CB}.Debug Multithreaded|x64.ActiveCfg = Debug|x64
		{7AB4B0C9-D974-3A65-ED87-61816B6917CB}.Debug Multithreaded|x64.Build.0 = Debug|x64
		{7AB4B0C9-D974-3A65-ED87-61816B6917CB}.Debug Singlethreaded|Win32.ActiveCfg = Debug|Win32
		{7AB4B0C9-D974-3A65-ED87-61816B6917CB}.Debug Singlethreaded|Win32.Build.0 = Debug|Win32
		{7AB4B0C9-D974-3A65-ED87-61816B6917CB}.Debug Singlethreaded|x64.ActiveCfg = Debug|x64
		{7AB4B0C9-D974-3A65-ED87-61816B6917CB}.Debug Singlethreaded|x64.Build.0 = Debug|x64
		{7AB4B0C9-D974-3A65-ED87-61816B6917CB}.Debug|Win32.ActiveCfg = Debug|Win32
		{7AB4B0C9-D974-3A65-ED87-61816B6917CB}.Debug|Win32.Build.0 = Debug|Win32
		{7AB4B0C9-D974-3A65-ED87-61816B6917CB}.Debug|x64.ActiveCfg = Debug|x64
		{7AB4B0C9-D974-3A65-ED87-61816B6917CB}.Debug|x64.Build.0 = Debug|x64
		{7AB4B0C9-D974-3A65-ED87-61816B6917CB}.DebugDLL|Win32.ActiveCfg = Debug|Win32
		{7AB4B0C9-D974-3A65-ED87-61816B6917CB}.DebugDLL|Win32.Build.0 = Debug|Win32
		{7AB4B0C9-D974-3A65-ED87-61816B6917CB}.DebugDLL|x64.ActiveCfg = Debug|x64
		{7AB4B0C9-D974-3A65-ED87-61816B6917CB}.DebugDLL|x64.Build.0 = Debug|x64
		{7AB4B0C9-D974-3A65-ED87-61816B6917CB}.Release Enable Debugger|Win32.ActiveCfg = Release|Win32
		{7AB4B0C9-D974-3A65-ED87-61816B6917CB}.Release Enable Debugger|Win32.Build.0 = Release|Win32
		{7AB4B0C9-D974-3A65-ED87-61816B6917CB}.Release Enable Debugger|x64.ActiveCfg = Release|x64
		{7AB4B0C9-D974-3A65-ED87-61816B6917CB}.Release Enable Debugger|x64.Build.0 = Release|x64
		{7AB4B0C9-D974-3A65-ED87-61816B6917CB}.Release Multithreaded|Win32.ActiveCfg = Release|Win32
		{7AB4B0C9-D974-3A65-ED87-61816B6917CB}.Release Multithreaded|Win32.Build.0 = Release|Win32
		{7AB4B0C9-D974-3A65-ED87-61816B6917CB}.Release Multithreaded|x64.ActiveCfg = Release|x64
		{7AB4B0C9-D974-3A65-ED87-61816B6917CB}.Release Multithreaded|x64.Build.0 = Release|x64
		{7AB4B0C9-D974-3A65-ED87-61816B6917CB}.Release Singlethreaded|Win32.ActiveCfg = Release|Win32
		{7AB4B0C9-D974-3A65-ED87-61816B6917CB}.Release Singlethreaded|Win32.Build.0 = Release|Win32
		{7AB4B0C9-D974-3A65-ED87-61816B6917CB}.Release Singlethreaded|x64.ActiveCfg = Release|x64
		{7AB4B0C9-D974-3A65-ED87-61816B6917CB}.Release Singlethreaded|x64.Build.0 = Release|x64
		{7AB4B0C9-D974-3A65-ED87-61816B6917CB}.Release|Win32.ActiveCfg = Release|Win32
		{7AB4B0C9-D974-3A65-ED87-61816B6917CB}.Release|Win32.Build.0 = Release|Win32
		{7AB4B0C9-D974-3A65-ED87-61816B6917CB}.Release|x64.ActiveCfg = Release|x64
		{7AB4B0C9-D974-3A65-ED87-61816B6917CB}.Release|x64.Build.0 = Release|x64
		{7AB4B0C9-D974-3A65-ED87-61816B6917CB}.ReleaseDLL|Win32.ActiveCfg = Release|Win32
		{7AB4B0C9-D974-3A65-ED87-61816B6917CB}.ReleaseDLL|Win32.Build.0 = Release|Win32
		{7AB4B0C9-D974-3A65-ED87-61816B6917CB}.ReleaseDLL|x64.ActiveCfg = Release|x64
		{7AB4B0C9-D974-3A65-ED87-61816B6917CB}.ReleaseDLL|x64.Build.0 = Release|x64
		{2C440506-61D0-D32C-EB09-EE8639551197}.Debug Multithreaded|Win32.ActiveCfg = Debug|Win32
		{2C440506-61D0-D32C-EB09-EE8639551197}.Debug Multithreaded|Win32.Build.0 = Debug|Win32
		{2C440506-61D0-D32C-EB09-EE8639551197}.Debug Multithreaded|x64.ActiveCfg = Debug|x64
		{2C440506-61D0-D32C-EB09-EE8639551197}.Debug Multithreaded|x64.Build.0 = Debug|x64
		{2C440506-61D0-D32C-EB09-EE8639551197}.Debug Singlethreaded|Win32.ActiveCfg = Debug|Win32
		{2C440506-61D0-D32C-EB09-EE8639551197}.Debug Singlethreaded|Win32.Build.0 = Debug|Win32
		{2C440506-61D0-D32C-EB09-EE8639551197}.Debug Singlethreaded|x64.ActiveCfg = Debug|x64
		{2C440506-61D0-D32C-EB09-EE8639551197}.Debug Singlethreaded|x64.Build.0 = Debug|x64
		{2C440506-61D0-D32C-EB09-EE8639551197}.Debug|Win32.ActiveCfg = Debug|Win32
		{2C440506-61D0-D32C-EB09-EE8639551197}.Debug|Win32.Build.0 = Debug|Win32
		{2C440506-61D0-D32C-EB09-EE8639551197}.Debug|x64.ActiveCfg = Debug|x64
		{2C440506-61D0-D32C-EB09-EE8639551197}.Debug|x64.Build.0 = Debug|x64
		{2C440506-61D0-D32C-EB09-EE8639551197}.DebugDLL|Win32.ActiveCfg = Debug|Win32
		{2C440506-61D0-D32C-EB09-EE8639551197}.DebugDLL|Win32.Build.0 = Debug|Win32
		{2C440506-61D0-D32C-EB09-EE8639551197}.DebugDLL|x64.ActiveCfg = Debug|x64
		{2C440506-61D0-D32C-EB09-EE8639551197}.DebugDLL|x64.Build.0 = Debug|x64
		{2C440506-61D0-D32C-EB09-EE8639551197}.Release Enable Debugger|Win32.ActiveCfg = Release|Win32
		{2C440506-61D0-D32C-EB09-EE8639551197}.Release Enable Debugger|Win32.Build.0 = Release|Win32
		{2C440506-61D0-D32C-EB09-EE8639551197}.Release Enable Debugger|x64.ActiveCfg = Release|x64
		{2C440506-61D0-D32C-EB09-EE8639551197}.Release Enable Debugger|x64.Build.0 = Release|x64
		{2C440506-61D0-D32C-EB09-EE8639551197}.Release Multithreaded|Win32.ActiveCfg = Release|Win32
		{2C440506-61D0-D32C-EB09-EE8639551197}.Release Multithreaded|Win32.Build.0 = Release|Win32
		{2C440506-61D0-D32C-EB09-EE8639551197}.Release Multithreaded|x64.ActiveCfg = Release|x64
		{2C440506-61D0-D32C-EB09-EE8639551197}.Release Multithreaded|x64.Build.0 = Release|x64
		{2C440506-61D0-D32C-EB09-EE8639551197}.Release Singlethreaded|Win32.ActiveCfg = Release|Win32
		{2C440506-61D0-D32C-EB09-EE8639551197}.Release Singlethreaded|Win32.Build.0 = Release|Win32
		{2C440506-61D0-D32C-EB09-EE8639551197}.Release Singlethreaded|x64.ActiveCfg = Release|x64
		{2C440506-61D0-D32C-EB09-EE8639551197}.Release Singlethreaded|x64.Build.0 = Release|x64
		{2C440506-61D0-D32C-EB09-EE8639551197}.Release|Win32.ActiveCfg = Release|Win32
		{2C440506-61D0-D32C-EB09-EE8639551197}.Release|Win32.Build.0 = Release|Win32
		{2C440506-61D0-D32C-EB09-EE8639551197}.Release|x64.ActiveCfg = Release|x64
		{2C440506-61D0-D32C-EB09-EE8639551197}.Release|x64.Build.0 = Release|x64
		{2C440506-61D0-D32C-EB09-EE8639551197}.ReleaseDLL|Win32.ActiveCfg = Release|Win32
		{2C440506-61D0-D32C-EB09-EE8639551197}.ReleaseDLL|Win32.Build.0 = Release|Win32
		{2C440506-61D0-D32C-EB09-EE8639551197}.ReleaseDLL|x64.ActiveCfg = Release|x64
		{2C440506-61D0-D32C-EB09-EE8639551197}.ReleaseDLL|x64.Build.0 = Release|x64
		{6CCCC557-DFA3-68D4-31FA-1EFB0C5F37B2}.Debug Multithreaded|Win32.ActiveCfg = Debug|Win32
		{6CCCC557-DFA3-68D4-31FA-1EFB0C5F37B2}.Debug Multithreaded|Win32.Build.0 = Debug|Win32
		{6CCCC557-DFA3-68D4-31FA-1EFB0C5F37B2}.Debug Multithreaded|x64.ActiveCfg = Debug|x64
		{6CCCC557-DFA3-68D4-31FA-1EFB0C5F37B2}.Debug Multithreaded|x64.Build.0 = Debug|x64
		{6CCCC557-DFA3-68D4-31FA-1EFB0C5F37B2}.Debug Singlethreaded|Win32.ActiveCfg = Debug|Win32
		{6CCCC557-DFA3-68D4-31FA-1EFB0C5F37B2}.Debug Singlethreaded|Win32.Build.0 = Debug|Win32
		{6CCCC557-DFA3-68D4-31FA-1EFB0C5F37B2}.Debug Singlethreaded|x64.ActiveCfg = Debug|x64
		{6CCCC557-DFA3-68D4-31FA-1EFB0C5F37B2}.Debug Singlethreaded|x64.Build.0 = Debug|x64
		{6CCCC557-DFA3-68D4-31FA-1EFB0C5F37B2}.Debug|Win32.ActiveCfg = Debug|Win32
		{6CCCC557-DFA3-68D4-31FA-1EFB0C5F37B2}.Debug|Win32.Build.0 = Debug|Win32
		{6CCCC557-DFA3-68D4-31FA-1EFB0C5F37B2}.Debug|x64.ActiveCfg = Debug|x64
		{6CCCC557-DFA3-68D4-31FA-1EFB0C5F37B2}.Debug|x64.Build.0 = Debug|x64
		{6CCCC557-DFA3-68D4-31FA-1EFB0C5F37B2}.DebugDLL|Win32.ActiveCfg = Debug|Win32
		{6CCCC557-DFA3-68D4-31FA-1EFB0C5F37B2}.DebugDLL|Win32.Build.0 = Debug|Win32
		{6CCCC557-DFA3-68D4-31FA-1EFB0C5F37B2}.DebugDLL|x64.ActiveCfg = Debug|x64
		{6CCCC557-DFA3-68D4-31FA-1EFB0C5F37B2}.DebugDLL|x64.Build.0 = Debug|x64
		{6CCCC557-DFA3-68D4-31FA-1EFB0C5F37B2}.Release Enable Debugger|Win32.ActiveCfg = Release|Win32
		{6CCCC557-DFA3-68D4-31FA-1EFB0C5F37B2}.Release Enable Debugger|Win32.Build.0 = Release|Win32
		{6CCCC557-DFA3-68D4-31FA-1EFB0C5F37B2}.Release Enable Debugger|x64.ActiveCfg = Release|x64
		{6CCCC557-DFA3-68D4-31FA-1EFB0C5F37B2}.Release Enable Debugger|x64.Build.0 = Release|x64
		{6CCCC557-DFA3-68D4-31FA-1EFB0C5F37B2}.Release Multithreaded|Win32.ActiveCfg = Release|Win32
		{6CCCC557-DFA3-68D4-31FA-1EFB0C5F37B2}.Release Multithreaded|Win32.Build.0 = Release|Win32
		{6CCCC557-DFA3-68D4-31FA-1EFB0C5F37B2}.Release Multithreaded|x64.ActiveCfg = Release|x64
		{6CCCC557-DFA3-68D4-31FA-1EFB0C5F37B2}.Release Multithreaded|x64.Build.0 = Release|x64
		{6CCCC557-DFA3-68D4-31FA-1EFB0C5F37B2}.Release Singlethreaded|Win32.ActiveCfg = Release|Win32
		{6CCCC557-DFA3-68D4-31FA-1EFB0C5F37B2}.Release Singlethreaded|Win32.Build.0 = Release|Win32
		{6CCCC557-DFA3-68D4-31FA-1EFB0C5F37B2}.Release Singlethreaded|x64.ActiveCfg = Release|x64
		{6CCCC557-DFA3-68D4-31FA-1EFB0C5F37B2}.Release Singlethreaded|x64.Build.0 = Release|x64
		{6CCCC557-DFA3-68D4-31FA-1EFB0C5F37B2}.Release|Win32.ActiveCfg = Release|Win32
		{6CCCC557-DFA3-68D4-31FA-1EFB0C5F37B2}.Release|Win32.Build.0 = Release|Win32
		{6CCCC557-DFA3-68D4-31FA-1EFB0C5F37B2}.Release|x64.ActiveCfg = Release|x64
		{6CCCC557-DFA3-68D4-31FA-1EFB0C5F37B2}.Release|x64.Build.0 = Release|x64
		{6CCCC557-DFA3-68D4-31FA-1EFB0C5F37B2}.ReleaseDLL|Win32.ActiveCfg = Release|Win32
		{6CCCC557-DFA3-68D4-31FA-1EFB0C5F37B2}.ReleaseDLL|Win32.Build.0 = Release|Win32
		{6CCCC557-DFA3-68D4-31FA-1EFB0C5F37B2}.ReleaseDLL|x64.ActiveCfg = Release|x64
		{6CCCC557-DFA3-68D4-31FA-1EFB0C5F37B2}.ReleaseDLL|x64.Build.0 = Release|x64
		{47A3E249-4072-CEAC-C824-93730F91967A}.Debug Multithreaded|Win32.ActiveCfg = Debug|Win32
		{47A3E249-4072-CEAC-C824-93730F91967A}.Debug Multithreaded|Win32.Build.0 = Debug|Win32
		{47A3E249-4072-CEAC-C824-93730F91967A}.Debug Multithreaded|x64.ActiveCfg = Debug|x64
		{47A3E249-4072-CEAC-C824-93730F91967A}.Debug Multithreaded|x64.Build.0 = Debug|x64
		{47A3E249-4072-CEAC-C824-93730F91967A}.Debug Singlethreaded|Win32.ActiveCfg = Debug|Win32
		{47A3E249-4072-CEAC-C824-93730F91967A}.Debug Singlethreaded|Win32.Build.0 = Debug|Win32
		{47A3E249-4072-CEAC-C824-93730F91967A}.Debug Singlethreaded|x64.ActiveCfg = Debug|x64
		{47A3E249-4072-CEAC-C824-93730F91967A}.Debug Singlethreaded|x64.Build.0 = Debug|x64
		{47A3E249-4072-CEAC-C824-93730F91967A}.Debug|Win32.ActiveCfg = Debug|Win32
		{47A3E249-4072-CEAC-C824-93730F91967A}.Debug|Win32.Build.0 = Debug|Win32
		{47A3E249-4072-CEAC-C824-93730F91967A}.Debug|x64.ActiveCfg = Debug|x64
		{47A3E249-4072-CEAC-C824-93730F91967A}.Debug|x64.Build.0 = Debug|x64
		{47A3E249-4072-CEAC-C824-93730F91967A}.DebugDLL|Win32.ActiveCfg = Debug|Win32
		{47A3E249-4072-CEAC-C824-93730F91967A}.DebugDLL|Win32.Build.0 = Debug|Win32
		{47A3E249-4072-CEAC-C824-93730F91967A}.DebugDLL|x64.ActiveCfg = Debug|x64
		{47A3E249-4072-CEAC-C824-93730F91967A}.DebugDLL|x64.Build.0 = Debug|x64
		{47A3E249-4072-CEAC-C824-93730F91967A}.Release Enable Debugger|Win32.ActiveCfg = Release|Win32
		{47A3E249-4072-CEAC-C824-93730F91967A}.Release Enable Debugger|Win32.Build.0 = Release|Win32
		{47A3E249-4072-CEAC-C824-93730F91967A}.Release Enable Debugger|x64.ActiveCfg = Release|x64
		{47A3E249-4072-CEAC-C824-93730F91967A}.Release Enable Debugger|x64.Build.0 = Release|x64
		{47A3E249-4072-CEAC-C824-93730F91967A}.Release Multithreaded|Win32.ActiveCfg = Release|Win32
		{47A3E249-4072-CEAC-C824-93730F91967A}.Release Multithreaded|Win32.Build.0 = Release|Win32
		{47A3E249-4072-CEAC-C824-93730F91967A}.Release Multithreaded|x64.ActiveCfg = Release|x64
		{47A3E249-4072-CEAC-C824-93730F91967A}.Release Multithreaded|x64.Build.0 = Release|x64
		{47A3E249-4072-CEAC-C824-93730F91967A}.Release Singlethreaded|Win32.ActiveCfg = Release|Win32
		{47A3E249-4072-CEAC-C824-93730F91967A}.Release Singlethreaded|Win32.Build.0 = Release|Win32
		{47A3E249-4072-CEAC-C824-93730F91967A}.Release Singlethreaded|x64.ActiveCfg = Release|x64
		{47A3E249-4072-CEAC-C824-93730F91967A}.Release Singlethreaded|x64.Build.0 = Release|x64
		{47A3E249-4072-CEAC-C824-93730F91967A}.Release|Win32.ActiveCfg = Release|Win32
		{47A3E249-4072-CEAC-C824-93730F91967A}.Release|Win32.Build.0 = Release|Win32
		{47A3E249-4072-CEAC-C824-93730F91967A}.Release|x64.ActiveCfg = Release|x64
		{47A3E249-4072-CEAC-C824-93730F91967A}.Release|x64.Build.0 = Release|x64
		{47A3E249-4072-CEAC-C824-93730F91967A}.ReleaseDLL|Win32.ActiveCfg = Release|Win32
		{47A3E249-4072-CEAC-C824-93730F91967A}.ReleaseDLL|Win32.Build.0 = Release|Win32
		{47A3E249-4072-CEAC-C824-93730F91967A}.ReleaseDLL|x64.ActiveCfg = Release|x64
		{47A3E249-4072-CEAC-C824-93730F91967A}.ReleaseDLL|x64.Build.0 = Release|x64
		{3A46013C-B640-778D-0A72-AD5B5DA3DDDD}.Debug Multithreaded|Win32.ActiveCfg = Debug|Win32
		{3A46013C-B640-778D-0A72-AD5B5DA3DDDD}.Debug Multithreaded|Win32.Build.0 = Debug|Win32
		{3A46013C-B640-778D-0A72-AD5B5DA3DDDD}.Debug Multithreaded|x64.ActiveCfg = Debug|x64
		{3A46013C-B640-778D-0A72-AD5B5DA3DDDD}.Debug Multithreaded|x64.Build.0 = Debug|x64
		{3A46013C-B640-778D-0A72-AD5B5DA3DDDD}.Debug Singlethreaded|Win32.ActiveCfg = Debug|Win32
		{3A46013C-B640-778D-0A72-AD5B5DA3DDDD}.Debug Singlethreaded|Win32.Build.0 = Debug|Win32
		{3A46013C-B640-778D-0A72-AD5B5DA3DDDD}.Debug Singlethreaded|x64.ActiveCfg = Debug|x64
		{3A46013C-B640-778D-0A72-AD5B5DA3DDDD}.Debug Singlethreaded|x64.Build.0 = Debug|x64
		{3A46013C-B640-778D-0A72-AD5B5DA3DDDD}.Debug|Win32.ActiveCfg = Debug|Win32
		{3A46013C-B640-778D-0A72-AD5B5DA3DDDD}.Debug|Win32.Build.0 = Debug|Win32
		{3A46013C-B640-778D-0A72-AD5B5DA3DDDD}.Debug|x64.ActiveCfg = Debug|x64
		{3A46013C-B640-778D-0A72-AD5B5DA3DDDD}.Debug|x64.Build.0 = Debug|x64
		{3A46013C-B640-778D-0A72-AD5B5DA3DDDD}.DebugDLL|Win32.ActiveCfg = Debug|Win32
		{3A46013C-B640-778D-0A72-AD5B5DA3DDDD}.DebugDLL|Win32.Build.0 = Debug|Win32
		{3A46013C-B640-778D-0A72-AD5B5DA3DDDD}.DebugDLL|x64.ActiveCfg = Debug|x64
		{3A46013C-B640-778D-0A72-AD5B5DA3DDDD}.DebugDLL|x64.Build.0 = Debug|x64
		{3A46013C-B640-778D-0A72-AD5B5DA3DDDD}.Release Enable Debugger|Win32.ActiveCfg = Release|Win32
		{3A46013C-B640-778D-0A72-AD5B5DA3DDDD}.Release Enable Debugger|Win32.Build.0 = Release|Win32
		{3A46013C-B640-778D-0A72-AD5B5DA3DDDD}.Release Enable Debugger|x64.ActiveCfg = Release|x64
		{3A46013C-B640-778D-0A72-AD5B5DA3DDDD}.Release Enable Debugger|x64.Build.0 = Release|x64
		{3A46013C-B640-778D-0A72-AD5B5DA3DDDD}.Release Multithreaded|Win32.ActiveCfg = Release|Win32
		{3A46013C-B640-778D-0A72-AD5B5DA3DDDD}.Release Multithreaded|Win32.Build.0 = Release|Win32
		{3A46013C-B640-778D-0A72-AD5B5DA3DDDD}.Release Multithreaded|x64.ActiveCfg = Release|x64
		{3A46013C-B640-778D-0A72-AD5B5DA3DDDD}.Release Multithreaded|x64.Build.0 = Release|x64
		{3A46013C-B640-778D-0A72-AD5B5DA3DDDD}.Release Singlethreaded|Win32.ActiveCfg = Release|Win32
		{3A46013C-B640-778D-0A72-AD5B5DA3DDDD}.Release Singlethreaded|Win32.Build.0 = Release|Win32
		{3A46013C-B640-778D-0A72-AD5B5DA3DDDD}.Release Singlethreaded|x64.ActiveCfg = Release|x64
		{3A46013C-B640-778D-0A72-AD5B5DA3DDDD}.Release Singlethreaded|x64.Build.0 = Release|x64
		{3A46013C-B640-778D-0A72-AD5B5DA3DDDD}.Release|Win32.ActiveCfg = Release|Win32
		{3A46013C-B640-778D-0A72-AD5B5DA3DDDD}.Release|Win32.Build.0 = Release|Win32
		{3A46013C-B640-778D-0A72-AD5B5DA3DDDD}.Release|x64.ActiveCfg = Release|x64
		{3A46013C-B640-778D-0A72-AD5B5DA3DDDD}.Release|x64.Build.0 = Release|x64
		{3A46013C-B640-778D-0A72-AD5B5DA3DDDD}.ReleaseDLL|Win32.ActiveCfg = Release|Win32
		{3A46013C-B640-778D-0A72-AD5B5DA3DDDD}.ReleaseDLL|Win32.Build.0 = Release|Win32
		{3A46013C-B640-778D-0A72-AD5B5DA3DDDD}.ReleaseDLL|x64.ActiveCfg = Release|x64
		{3A46013C-B640-778D-0A72-AD5B5DA3DDDD}.ReleaseDLL|x64.Build.0 = Release|x64
		{7642CFD5-F187-3E3F-F8FF-859949B9F13E}.Debug Multithreaded|Win32.ActiveCfg = Debug|Win32
		{7642CFD5-F187-3E3F-F8FF-859949B9F13E}.Debug Multithreaded|Win32.Build.0 = Debug|Win32
		{7642CFD5-F187-3E3F-F8FF-859949B9F13E}.Debug Multithreaded|x64.ActiveCfg = Debug|x64
		{7642CFD5-F187-3E3F-F8FF-859949B9F13E}.Debug Multithreaded|x64.Build.0 = Debug|x64
		{7642CFD5-F187-3E3F-F8FF-859949B9F13E}.Debug Singlethreaded|Win32.ActiveCfg = Debug|Win32
		{7642CFD5-F187-3E3F-F8FF-859949B9F13E}.Debug Singlethreaded|Win32.Build.0 = Debug|Win32
		{7642CFD5-F187-3E3F-F8FF-859949B9F13E}.Debug Singlethreaded|x64.ActiveCfg = Debug|x64
		{7642CFD5-F187-3E3F-F8FF-859949B9F13E}.Debug Singlethreaded|x64.Build.0 = Debug|x64
		{7642CFD5-F187-3E3F-F8FF-859949B9F13E}.Debug|Win32.ActiveCfg = Debug|Win32
		{7642CFD5-F187-3E3F-F8FF-859949B9F13E}.Debug|Win32.Build.0 = Debug|Win32
		{7642CFD5-F187-3E3F-F8FF-859949B9F13E}.Debug|x64.ActiveCfg = Debug|x64
		{7642CFD5-F187-3E3F-F8FF-859949B9F13E}.Debug|x64.Build.0 = Debug|x64
		{7642CFD5-F187-3E3F-F8FF-859949B9F13E}.DebugDLL|Win32.ActiveCfg = Debug|Win32
		{7642CFD5-F187-3E3F-F8FF-859949B9F13E}.DebugDLL|Win32.Build.0 = Debug|Win32
		{7642CFD5-F187-3E3F-F8FF-859949B9F13E}.DebugDLL|x64.ActiveCfg = Debug|x64
		{7642CFD5-F187-3E3F-F8FF-859949B9F13E}.DebugDLL|x64.Build.0 = Debug|x64
		{7642CFD5-F187-3E3F-F8FF-859949B9F13E}.Release Enable Debugger|Win32.ActiveCfg = Release|Win32
		{7642CFD5-F187-3E3F-F8FF-859949B9F13E}.Release Enable Debugger|Win32.Build.0 = Release|Win32
		{7642CFD5-F187-3E3F-F8FF-859949B9F13E}.Release Enable Debugger|x64.ActiveCfg = Release|x64
		{7642CFD5-F187-3E3F-F8FF-859949B9F13E}.Release Enable Debugger|x64.Build.0 = Release|x64
		{7642CFD5-F187-3E3F-F8FF-859949B9F13E}.Release Multithreaded|Win32.ActiveCfg = Release|Win32
		{7642CFD5-F187-3E3F-F8FF-859949B9F13E}.Release Multithreaded|Win32.Build.0 = Release|Win32
		{7642CFD5-F187-3E3F-F8FF-859949B9F13E}.Release Multithreaded|x64.ActiveCfg = Release|x64
		{7642CFD5-F187-3E3F-F8FF-859949B9F13E}.Release Multithreaded|x64.Build.0 = Release|x64
		{7642CFD5-F187-3E3F-F8FF-859949B9F13E}.Release Singlethreaded|Win32.ActiveCfg = Release|Win32
		{7642CFD5-F187-3E3F-F8FF-859949B9F13E}.Release Singlethreaded|Win32.Build.0 = Release|Win32
		{7642CFD5-F187-3E3F-F8FF-859949B9F13E}.Release Singlethreaded|x64.ActiveCfg = Release|x64
		{7642CFD5-F187-3E3F-F8FF-859949B9F13E}.Release Singlethreaded|x64.Build.0 = Release|x64
		{7642CFD5-F187-3E3F-F8FF-859949B9F13E}.Release|Win32.ActiveCfg = Release|Win32
		{7642CFD5-F187-3E3F-F8FF-859949B9F13E}.Release|Win32.Build.0 = Release|Win32
		{7642CFD5-F187-3E3F-F8FF-859949B9F13E}.Release|x64.ActiveCfg = Release|x64
		{7642CFD5-F187-3E3F-F8FF-859949B9F13E}.Release|x64.Build.0 = Release|x64
		{7642CFD5-F187-3E3F-F8FF-859949B9F13E}.ReleaseDLL|Win32.ActiveCfg = Release|Win32
		{7642CFD5-F187-3E3F-F8FF-859949B9F13E}.ReleaseDLL|Win32.Build.0 = Release|Win32
		{7642CFD5-F187-3E3F-F8FF-859949B9F13E}.ReleaseDLL|x64.ActiveCfg = Release|x64
		{7642CFD5-F187-3E3F-F8FF-859949B9F13E}.ReleaseDLL|x64.Build.0 = Release|x64
		{6AC42CF5-8088-F4BE-7C3D-1BD1BD440FCC}.Debug Multithreaded|Win32.ActiveCfg = Debug|Win32
		{6AC42CF5-8088-F4BE-7C3D-1BD1BD440FCC}.Debug Multithreaded|Win32.Build.0 = Debug|Win32
		{6AC42CF5-8088-F4BE-7C3D-1BD1BD440FCC}.Debug Multithreaded|x64.ActiveCfg = Debug|x64
		{6AC42CF5-8088-F4BE-7C3D-1BD1BD440FCC}.Debug Multithreaded|x64.Build.0 = Debug|x64
		{6AC42CF5-8088-F4BE-7C3D-1BD1BD440FCC}.Debug Singlethreaded|Win32.ActiveCfg = Debug|Win32
		{6AC42CF5-8088-F4BE-7C3D-1BD1BD440FCC}.Debug Singlethreaded|Win32.Build.0 = Debug|Win32
		{6AC42CF5-8088-F4BE-7C3D-1BD1BD440FCC}.Debug Singlethreaded|x64.ActiveCfg = Debug|x64
		{6AC42CF5-8088-F4BE-7C3D-1BD1BD440FCC}.Debug Singlethreaded|x64.Build.0 = Debug|x64
		{6AC42CF5-8088-F4BE-7C3D-1BD1BD440FCC}.Debug|Win32.ActiveCfg = Debug|Win32
		{6AC42CF5-8088-F4BE-7C3D-1BD1BD440FCC}.Debug|Win32.Build.0 = Debug|Win32
		{6AC42CF5-8088-F4BE-7C3D-1BD1BD440FCC}.Debug|x64.ActiveCfg = Debug|x64
		{6AC42CF5-8088-F4BE-7C3D-1BD1BD440FCC}.Debug|x64.Build.0 = Debug|x64
		{6AC42CF5-8088-F4BE-7C3D-1BD1BD440FCC}.DebugDLL|Win32.ActiveCfg = Debug|Win32
		{6AC42CF5-8088-F4BE-7C3D-1BD1BD440FCC}.DebugDLL|Win32.Build.0 = Debug|Win32
		{6AC42CF5-8088-F4BE-7C3D-1BD1BD440FCC}.DebugDLL|x64.ActiveCfg = Debug|x64
		{6AC42CF5-8088-F4BE-7C3D-1BD1BD440FCC}.DebugDLL|x64.Build.0 = Debug|x64
		{6AC42CF5-8088-F4BE-7C3D-1BD1BD440FCC}.Release Enable Debugger|Win32.ActiveCfg = Release|Win32
		{6AC42CF5-8088-F4BE-7C3D-1BD1BD440FCC}.Release Enable Debugger|Win32.Build.0 = Release|Win32
		{6AC42CF5-8088-F4BE-7C3D-1BD1BD440FCC}.Release Enable Debugger|x64.ActiveCfg = Release|x64
		{6AC42CF5-8088-F4BE-7C3D-1BD1BD440FCC}.Release Enable Debugger|x64.Build.0 = Release|x64
		{6AC42CF5-8088-F4BE-7C3D-1BD1BD440FCC}.Release Multithreaded|Win32.ActiveCfg = Release|Win32
		{6AC42CF5-8088-F4BE-7C3D-1BD1BD440FCC}.Release Multithreaded|Win32.Build.0 = Release|Win32
		{6AC42CF5-8088-F4BE-7C3D-1BD1BD440FCC}.Release Multithreaded|x64.ActiveCfg = Release|x64
		{6AC42CF5-8088-F4BE-7C3D-1BD1BD440FCC}.Release Multithreaded|x64.Build.0 = Release|x64
		{6AC42CF5-8088-F4BE-7C3D-1BD1BD440FCC}.Release Singlethreaded|Win32.ActiveCfg = Release|Win32
		{6AC42CF5-8088-F4BE-7C3D-1BD1BD440FCC}.Release Singlethreaded|Win32.Build.0 = Release|Win32
		{6AC42CF5-8088-F4BE-7C3D-1BD1BD440FCC}.Release Singlethreaded|x64.ActiveCfg = Release|x64
		{6AC42CF5-8088-F4BE-7C3D-1BD1BD440FCC}.Release Singlethreaded|x64.Build.0 = Release|x64
		{6AC42CF5-8088-F4BE-7C3D-1BD1BD440FCC}.Release|Win32.ActiveCfg = Release|Win32
		{6AC42CF5-8088-F4BE-7C3D-1BD1BD440FCC}.Release|Win32.Build.0 = Release|Win32
		{6AC42CF5-8088-F4BE-7C3D-1BD1BD440FCC}.Release|x64.ActiveCfg = Release|x64
		{6AC42CF5-8088-F4BE-7C3D-1BD1BD440FCC}.Release|x64.Build.0 = Release|x64
		{6AC42CF5-8088-F4BE-7C3D-1BD1BD440FCC}.ReleaseDLL|Win32.ActiveCfg = Release|Win32
		{6AC42CF5-8088-F4BE-7C3D-1BD1BD440FCC}.ReleaseDLL|Win32.Build.0 = Release|Win32
		{6AC42CF5-8088-F4BE-7C3D-1BD1BD440FCC}.ReleaseDLL|x64.ActiveCfg = Release|x64
		{6AC42CF5-8088-F4BE-7C3D-1BD1BD440FCC}.ReleaseDLL|x64.Build.0 = Release|x64
		{15CBFEFF-7965-41F5-B4E2-21E8795C9159}.Debug Multithreaded|Win32.ActiveCfg = Debug|Win32
		{15CBFEFF-7965-41F5-B4E2-21E8795C9159}.Debug Multithreaded|Win32.Build.0 = Debug|Win32
		{15CBFEFF-7965-41F5-B4E2-21E8795C9159}.Debug Multithreaded|x64.ActiveCfg = Debug|x64
		{15CBFEFF-7965-41F5-B4E2-21E8795C9159}.Debug Multithreaded|x64.Build.0 = Debug|x64
		{15CBFEFF-7965-41F5-B4E2-21E8795C9159}.Debug Singlethreaded|Win32.ActiveCfg = Debug|Win32
		{15CBFEFF-7965-41F5-B4E2-21E8795C9159}.Debug Singlethreaded|Win32.Build.0 = Debug|Win32
		{15CBFEFF-7965-41F5-B4E2-21E8795C9159}.Debug Singlethreaded|x64.ActiveCfg = Debug|x64
		{15CBFEFF-7965-41F5-B4E2-21E8795C9159}.Debug Singlethreaded|x64.Build.0 = Debug|x64
		{15CBFEFF-7965-41F5-B4E2-21E8795C9159}.Debug|Win32.ActiveCfg = Debug|Win32
		{15CBFEFF-7965-41F5-B4E2-21E8795C9159}.Debug|Win32.Build.0 = Debug|Win32
		{15CBFEFF-7965-41F5-B4E2-21E8795C9159}.Debug|x64.ActiveCfg = Debug|x64
		{15CBFEFF-7965-41F5-B4E2-21E8795C9159}.Debug|x64.Build.0 = Debug|x64
		{15CBFEFF-7965-41F5-B4E2-21E8795C9159}.DebugDLL|Win32.ActiveCfg = Debug|Win32
		{15CBFEFF-7965-41F5-B4E2-21E8795C9159}.DebugDLL|Win32.Build.0 = Debug|Win32
		{15CBFEFF-7965-41F5-B4E2-21E8795C9159}.DebugDLL|x64.ActiveCfg = Debug|x64
		{15CBFEFF-7965-41F5-B4E2-21E8795C9159}.DebugDLL|x64.Build.0 = Debug|x64
		{15CBFEFF-7965-41F5-B4E2-21E8795C9159}.Release Enable Debugger|Win32.ActiveCfg = Release|Win32
		{15CBFEFF-7965-41F5-B4E2-21E8795C9159}.Release Enable Debugger|Win32.Build.0 = Release|Win32
		{15CBFEFF-7965-41F5-B4E2-21E8795C9159}.Release Enable Debugger|x64.ActiveCfg = Release|x64
		{15CBFEFF-7965-41F5-B4E2-21E8795C9159}.Release Enable Debugger|x64.Build.0 = Release|x64
		{15CBFEFF-7965-41F5-B4E2-21E8795C9159}.Release Multithreaded|Win32.ActiveCfg = Release|Win32
		{15CBFEFF-7965-41F5-B4E2-21E8795C9159}.Release Multithreaded|Win32.Build.0 = Release|Win32
		{15CBFEFF-7965-41F5-B4E2-21E8795C9159}.Release Multithreaded|x64.ActiveCfg = Release|x64
		{15CBFEFF-7965-41F5-B4E2-21E8795C9159}.Release Multithreaded|x64.Build.0 = Release|x64
		{15CBFEFF-7965-41F5-B4E2-21E8795C9159}.Release Singlethreaded|Win32.ActiveCfg = Release|Win32
		{15CBFEFF-7965-41F5-B4E2-21E8795C9159}.Release Singlethreaded|Win32.Build.0 = Release|Win32
		{15CBFEFF-7965-41F5-B4E2-21E8795C9159}.Release Singlethreaded|x64.ActiveCfg = Release|x64
		{15CBFEFF-7965-41F5-B4E2-21E8795C9159}.Release Singlethreaded|x64.Build.0 = Release|x64
		{15CBFEFF-7965-41F5-B4E2-21E8795C9159}.Release|Win32.ActiveCfg = Release|Win32
		{15CBFEFF-7965-41F5-B4E2-21E8795C9159}.Release|Win32.Build.0 = Release|Win32
		{15CBFEFF-7965-41F5-B4E2-21E8795C9159}.Release|x64.ActiveCfg = Release|x64
		{15CBFEFF-7965-41F5-B4E2-21E8795C9159}.Release|x64.Build.0 = Release|x64
		{15CBFEFF-7965-41F5-B4E2-21E8795C9159}.ReleaseDLL|Win32.ActiveCfg = Release|Win32
		{15CBFEFF-7965-41F5-B4E2-21E8795C9159}.ReleaseDLL|Win32.Build.0 = Release|Win32
		{15CBFEFF-7965-41F5-B4E2-21E8795C9159}.ReleaseDLL|x64.ActiveCfg = Release|x64
		{15CBFEFF-7965-41F5-B4E2-21E8795C9159}.ReleaseDLL|x64.Build.0 = Release|x64
		{245603E3-F580-41A5-9632-B25FE3372CBF}.Debug Multithreaded|Win32.ActiveCfg = DebugDLL|Win32
		{245603E3-F580-41A5-9632-B25FE3372CBF}.Debug Multithreaded|Win32.Build.0 = DebugDLL|Win32
		{245603E3-F580-41A5-9632-B25FE3372CBF}.Debug Multithreaded|x64.ActiveCfg = DebugDLL|x64
		{245603E3-F580-41A5-9632-B25FE3372CBF}.Debug Multithreaded|x64.Build.0 = DebugDLL|x64
		{245603E3-F580-41A5-9632-B25FE3372CBF}.Debug Singlethreaded|Win32.ActiveCfg = DebugDLL|Win32
		{245603E3-F580-41A5-9632-B25FE3372CBF}.Debug Singlethreaded|Win32.Build.0 = DebugDLL|Win32
		{245603E3-F580-41A5-9632-B25FE3372CBF}.Debug Singlethreaded|x64.ActiveCfg = DebugDLL|x64
		{245603E3-F580-41A5-9632-B25FE3372CBF}.Debug Singlethreaded|x64.Build.0 = DebugDLL|x64
		{245603E3-F580-41A5-9632-B25FE3372CBF}.Debug|Win32.ActiveCfg = Debug|Win32
		{245603E3-F580-41A5-9632-B25FE3372CBF}.Debug|Win32.Build.0 = Debug|Win32
		{245603E3-F580-41A5-9632-B25FE3372CBF}.Debug|x64.ActiveCfg = Debug|x64
		{245603E3-F580-41A5-9632-B25FE3372CBF}.Debug|x64.Build.0 = Debug|x64
		{245603E3-F580-41A5-9632-B25FE3372CBF}.DebugDLL|Win32.ActiveCfg = DebugDLL|Win32
		{245603E3-F580-41A5-9632-B25FE3372CBF}.DebugDLL|Win32.Build.0 = DebugDLL|Win32
		{245603E3-F580-41A5-9632-B25FE3372CBF}.DebugDLL|x64.ActiveCfg = DebugDLL|x64
		{245603E3-F580-41A5-9632-B25FE3372CBF}.DebugDLL|x64.Build.0 = DebugDLL|x64
		{245603E3-F580-41A5-9632-B25FE3372CBF}.Release Enable Debugger|Win32.ActiveCfg = ReleaseDLL|Win32
		{245603E3-F580-41A5-9632-B25FE3372CBF}.Release Enable Debugger|Win32.Build.0 = ReleaseDLL|Win32
		{245603E3-F580-41A5-9632-B25FE3372CBF}.Release Enable Debugger|x64.ActiveCfg = ReleaseDLL|x64
		{245603E3-F580-41A5-9632-B25FE3372CBF}.Release Enable Debugger|x64.Build.0 = ReleaseDLL|x64
		{245603E3-F580-41A5-9632-B25FE3372CBF}.Release Multithreaded|Win32.ActiveCfg = ReleaseDLL|Win32
		{245603E3-F580-41A5-9632-B25FE3372CBF}.Release Multithreaded|Win32.Build.0 = ReleaseDLL|Win32
		{245603E3-F580-41A5-9632-B25FE3372CBF}.Release Multithreaded|x64.ActiveCfg = ReleaseDLL|x64
		{245603E3-F580-41A5-9632-B25FE3372CBF}.Release Multithreaded|x64.Build.0 = ReleaseDLL|x64
		{245603E3-F580-41A5-9632-B25FE3372CBF}.Release Singlethreaded|Win32.ActiveCfg = ReleaseDLL|Win32
		{245603E3-F580-41A5-9632-B25FE3372CBF}.Release Singlethreaded|Win32.Build.0 = ReleaseDLL|Win32
		{245603E3-F580-41A5-9632-B25FE3372CBF}.Release Singlethreaded|x64.ActiveCfg = ReleaseDLL|x64
		{245603E3-F580-41A5-9632-B25FE3372CBF}.Release Singlethreaded|x64.Build.0 = ReleaseDLL|x64
		{245603E3-F580-41A5-9632-B25FE3372CBF}.Release|Win32.ActiveCfg = Release|Win32
		{245603E3-F580-41A5-9632-B25FE3372CBF}.Release|Win32.Build.0 = Release|Win32
		{245603E3-F580-41A5-9632-B25FE3372CBF}.Release|x64.ActiveCfg = Release|x64
		{245603E3-F580-41A5-9632-B25FE3372CBF}.Release|x64.Build.0 = Release|x64
		{245603E3-F580-41A5-9632-B25FE3372CBF}.ReleaseDLL|Win32.ActiveCfg = ReleaseDLL|Win32
		{245603E3-F580-41A5-9632-B25FE3372CBF}.ReleaseDLL|Win32.Build.0 = ReleaseDLL|Win32
		{245603E3-F580-41A5-9632-B25FE3372CBF}.ReleaseDLL|x64.ActiveCfg = ReleaseDLL|x64
		{245603E3-F580-41A5-9632-B25FE3372CBF}.ReleaseDLL|x64.Build.0 = ReleaseDLL|x64
		{219EC965-228A-1824-174D-96449D05F88A}.Debug Multithreaded|Win32.ActiveCfg = DebugDLL|Win32
		{219EC965-228A-1824-174D-96449D05F88A}.Debug Multithreaded|Win32.Build.0 = DebugDLL|Win32
		{219EC965-228A-1824-174D-96449D05F88A}.Debug Multithreaded|x64.ActiveCfg = DebugDLL|x64
		{219EC965-228A-1824-174D-96449D05F88A}.Debug Multithreaded|x64.Build.0 = DebugDLL|x64
		{219EC965-228A-1824-174D-96449D05F88A}.Debug Singlethreaded|Win32.ActiveCfg = DebugDLL|Win32
		{219EC965-228A-1824-174D-96449D05F88A}.Debug Singlethreaded|Win32.Build.0 = DebugDLL|Win32
		{219EC965-228A-1824-174D-96449D05F88A}.Debug Singlethreaded|x64.ActiveCfg = DebugDLL|x64
		{219EC965-228A-1824-174D-96449D05F88A}.Debug Singlethreaded|x64.Build.0 = DebugDLL|x64
		{219EC965-228A-1824-174D-96449D05F88A}.Debug|Win32.ActiveCfg = Debug|Win32
		{219EC965-228A-1824-174D-96449D05F88A}.Debug|Win32.Build.0 = Debug|Win32
		{219EC965-228A-1824-174D-96449D05F88A}.Debug|x64.ActiveCfg = Debug|x64
		{219EC965-228A-1824-174D-96449D05F88A}.Debug|x64.Build.0 = Debug|x64
		{219EC965-228A-1824-174D-96449D05F88A}.DebugDLL|Win32.ActiveCfg = DebugDLL|Win32
		{219EC965-228A-1824-174D-96449D05F88A}.DebugDLL|Win32.Build.0 = DebugDLL|Win32
		{219EC965-228A-1824-174D-96449D05F88A}.DebugDLL|x64.ActiveCfg = DebugDLL|x64
		{219EC965-228A-1824-174D-96449D05F88A}.DebugDLL|x64.Build.0 = DebugDLL|x64
		{219EC965-228A-1824-174D-96449D05F88A}.Release Enable Debugger|Win32.ActiveCfg = ReleaseDLL|Win32
		{219EC965-228A-1824-174D-96449D05F88A}.Release Enable Debugger|Win32.Build.0 = ReleaseDLL|Win32
		{219EC965-228A-1824-174D-96449D05F88A}.Release Enable Debugger|x64.ActiveCfg = ReleaseDLL|x64
		{219EC965-228A-1824-174D-96449D05F88A}.Release Enable Debugger|x64.Build.0 = ReleaseDLL|x64
		{219EC965-228A-1824-174D-96449D05F88A}.Release Multithreaded|Win32.ActiveCfg = ReleaseDLL|Win32
		{219EC965-228A-1824-174D-96449D05F88A}.Release Multithreaded|Win32.Build.0 = ReleaseDLL|Win32
		{219EC965-228A-1824-174D-96449D05F88A}.Release Multithreaded|x64.ActiveCfg = ReleaseDLL|x64
		{219EC965-228A-1824-174D-96449D05F88A}.Release Multithreaded|x64.Build.0 = ReleaseDLL|x64
		{219EC965-228A-1824-174D-96449D05F88A}.Release Singlethreaded|Win32.ActiveCfg = ReleaseDLL|Win32
		{219EC965-228A-1824-174D-96449D05F88A}.Release Singlethreaded|Win32.Build.0 = ReleaseDLL|Win32
		{219EC965-228A-1824-174D-96449D05F88A}.Release Singlethreaded|x64.ActiveCfg = ReleaseDLL|x64
		{219EC965-228A-1824-174D-96449D05F88A}.Release Singlethreaded|x64.Build.0 = ReleaseDLL|x64
		{219EC965-228A-1824-174D-96449D05F88A}.Release|Win32.ActiveCfg = Release|Win32
		{219EC965-228A-1824-174D-96449D05F88A}.Release|Win32.Build.0 = Release|Win32
		{219EC965-228A-1824-174D-96449D05F88A}.Release|x64.ActiveCfg = Release|x64
		{219EC965-228A-1824-174D-96449D05F88A}.Release|x64.Build.0 = Release|x64
		{219EC965-228A-1824-174D-96449D05F88A}.ReleaseDLL|Win32.ActiveCfg = ReleaseDLL|Win32
		{219EC965-228A-1824-174D-96449D05F88A}.ReleaseDLL|Win32.Build.0 = ReleaseDLL|Win32
		{219EC965-228A-1824-174D-96449D05F88A}.ReleaseDLL|x64.ActiveCfg = ReleaseDLL|x64
		{219EC965-228A-1824-174D-96449D05F88A}.ReleaseDLL|x64.Build.0 = ReleaseDLL|x64
		{C303D2FC-FF97-49B8-9DDD-467B4C9A0B16}.Debug Multithreaded|Win32.ActiveCfg = DebugDLL|Win32
		{C303D2FC-FF97-49B8-9DDD-467B4C9A0B16}.Debug Multithreaded|Win32.Build.0 = DebugDLL|Win32
		{C303D2FC-FF97-49B8-9DDD-467B4C9A0B16}.Debug Multithreaded|x64.ActiveCfg = DebugDLL|x64
		{C303D2FC-FF97-49B8-9DDD-467B4C9A0B16}.Debug Multithreaded|x64.Build.0 = DebugDLL|x64
		{C303D2FC-FF97-49B8-9DDD-467B4C9A0B16}.Debug Singlethreaded|Win32.ActiveCfg = DebugDLL|Win32
		{C303D2FC-FF97-49B8-9DDD-467B4C9A0B16}.Debug Singlethreaded|Win32.Build.0 = DebugDLL|Win32
		{C303D2FC-FF97-49B8-9DDD-467B4C9A0B16}.Debug Singlethreaded|x64.ActiveCfg = DebugDLL|x64
		{C303D2FC-FF97-49B8-9DDD-467B4C9A0B16}.Debug Singlethreaded|x64.Build.0 = DebugDLL|x64
		{C303D2FC-FF97-49B8-9DDD-467B4C9A0B16}.Debug|Win32.ActiveCfg = Debug|Win32
		{C303D2FC-FF97-49B8-9DDD-467B4C9A0B16}.Debug|Win32.Build.0 = Debug|Win32
		{C303D2FC-FF97-49B8-9DDD-467B4C9A0B16}.Debug|x64.ActiveCfg = Debug|x64
		{C303D2FC-FF97-49B8-9DDD-467B4C9A0B16}.Debug|x64.Build.0 = Debug|x64
		{C303D2FC-FF97-49B8-9DDD-467B4C9A0B16}.DebugDLL|Win32.ActiveCfg = DebugDLL|Win32
		{C303D2FC-FF97-49B8-9DDD-467B4C9A0B16}.DebugDLL|Win32.Build.0 = DebugDLL|Win32
		{C303D2FC-FF97-49B8-9DDD-467B4C9A0B16}.DebugDLL|x64.ActiveCfg = DebugDLL|x64
		{C303D2FC-FF97-49B8-9DDD-467B4C9A0B16}.DebugDLL|x64.Build.0 = DebugDLL|x64
		{C303D2FC-FF97-49B8-9DDD-467B4C9A0B16}.Release Enable Debugger|Win32.ActiveCfg = ReleaseDLL|Win32
		{C303D2FC-FF97-49B8-9DDD-467B4C9A0B16}.Release Enable Debugger|Win32.Build.0 = ReleaseDLL|Win32
		{C303D2FC-FF97-49B8-9DDD-467B4C9A0B16}.Release Enable Debugger|x64.ActiveCfg = ReleaseDLL|x64
		{C303D2FC-FF97-49B8-9DDD-467B4C9A0B16}.Release Enable Debugger|x64.Build.0 = ReleaseDLL|x64
		{C303D2FC-FF97-49B8-9DDD-467B4C9A0B16}.Release Multithreaded|Win32.ActiveCfg = ReleaseDLL|Win32
		{C303D2FC-FF97-49B8-9DDD-467B4C9A0B16}.Release Multithreaded|Win32.Build.0 = ReleaseDLL|Win32
		{C303D2FC-FF97-49B8-9DDD-467B4C9A0B16}.Release Multithreaded|x64.ActiveCfg = ReleaseDLL|x64
		{C303D2FC-FF97-49B8-9DDD-467B4C9A0B16}.Release Multithreaded|x64.Build.0 = ReleaseDLL|x64
		{C303D2FC-FF97-49B8-9DDD-467B4C9A0B16}.Release Singlethreaded|Win32.ActiveCfg = ReleaseDLL|Win32
		{C303D2FC-FF97-49B8-9DDD-467B4C9A0B16}.Release Singlethreaded|Win32.Build.0 = ReleaseDLL|Win32
		{C303D2FC-FF97-49B8-9DDD-467B4C9A0B16}.Release Singlethreaded|x64.ActiveCfg = ReleaseDLL|x64
		{C303D2FC-FF97-49B8-9DDD-467B4C9A0B16}.Release Singlethreaded|x64.Build.0 = ReleaseDLL|x64
		{C303D2FC-FF97-49B8-9DDD-467B4C9A0B16}.Release|Win32.ActiveCfg = Release|Win32
		{C303D2FC-FF97-49B8-9DDD-467B4C9A0B16}.Release|Win32.Build.0 = Release|Win32
		{C303D2FC-FF97-49B8-9DDD-467B4C9A0B16}.Release|x64.ActiveCfg = Release|x64
		{C303D2FC-FF97-49B8-9DDD-467B4C9A0B16}.Release|x64.Build.0 = Release|x64
		{C303D2FC-FF97-49B8-9DDD-467B4C9A0B16}.ReleaseDLL|Win32.ActiveCfg = ReleaseDLL|Win32
		{C303D2FC-FF97-49B8-9DDD-467B4C9A0B16}.ReleaseDLL|Win32.Build.0 = ReleaseDLL|Win32
		{C303D2FC-FF97-49B8-9DDD-467B4C9A0B16}.ReleaseDLL|x64.ActiveCfg = ReleaseDLL|x64
		{C303D2FC-FF97-49B8-9DDD-467B4C9A0B16}.ReleaseDLL|x64.Build.0 = ReleaseDLL|x64
		{8484C90D-1561-402F-A91D-2DB10F8C5171}.Debug Multithreaded|Win32.ActiveCfg = DebugDLL|Win32
		{8484C90D-1561-402F-A91D-2DB10F8C5171}.Debug Multithreaded|Win32.Build.0 = DebugDLL|Win32
		{8484C90D-1561-402F-A91D-2DB10F8C5171}.Debug Multithreaded|x64.ActiveCfg = DebugDLL|x64
		{8484C90D-1561-402F-A91D-2DB10F8C5171}.Debug Multithreaded|x64.Build.0 = DebugDLL|x64
		{8484C90D-1561-402F-A91D-2DB10F8C5171}.Debug Singlethreaded|Win32.ActiveCfg = DebugDLL|Win32
		{8484C90D-1561-402F-A91D-2DB10F8C5171}.Debug Singlethreaded|Win32.Build.0 = DebugDLL|Win32
		{8484C90D-1561-402F-A91D-2DB10F8C5171}.Debug Singlethreaded|x64.ActiveCfg = DebugDLL|x64
		{8484C90D-1561-402F-A91D-2DB10F8C5171}.Debug Singlethreaded|x64.Build.0 = DebugDLL|x64
		{8484C90D-1561-402F-A91D-2DB10F8C5171}.Debug|Win32.ActiveCfg = Debug|Win32
		{8484C90D-1561-402F-A91D-2DB10F8C5171}.Debug|Win32.Build.0 = Debug|Win32
		{8484C90D-1561-402F-A91D-2DB10F8C5171}.Debug|x64.ActiveCfg = Debug|x64
		{8484C90D-1561-402F-A91D-2DB10F8C5171}.Debug|x64.Build.0 = Debug|x64
		{8484C90D-1561-402F-A91D-2DB10F8C5171}.DebugDLL|Win32.ActiveCfg = DebugDLL|Win32
		{8484C90D-1561-402F-A91D-2DB10F8C5171}.DebugDLL|Win32.Build.0 = DebugDLL|Win32
		{8484C90D-1561-402F-A91D-2DB10F8C5171}.DebugDLL|x64.ActiveCfg = DebugDLL|x64
		{8484C90D-1561-402F-A91D-2DB10F8C5171}.DebugDLL|x64.Build.0 = DebugDLL|x64
		{8484C90D-1561-402F-A91D-2DB10F8C5171}.Release Enable Debugger|Win32.ActiveCfg = ReleaseDLL|Win32
		{8484C90D-1561-402F-A91D-2DB10F8C5171}.Release Enable Debugger|Win32.Build.0 = ReleaseDLL|Win32
		{8484C90D-1561-402F-A91D-2DB10F8C5171}.Release Enable Debugger|x64.ActiveCfg = ReleaseDLL|x64
		{8484C90D-1561-402F-A91D-2DB10F8C5171}.Release Enable Debugger|x64.Build.0 = ReleaseDLL|x64
		{8484C90D-1561-402F-A91D-2DB10F8C5171}.Release Multithreaded|Win32.ActiveCfg = ReleaseDLL|Win32
		{8484C90D-1561-402F-A91D-2DB10F8C5171}.Release Multithreaded|Win32.Build.0 = ReleaseDLL|Win32
		{8484C90D-1561-402F-A91D-2DB10F8C5171}.Release Multithreaded|x64.ActiveCfg = ReleaseDLL|x64
		{8484C90D-1561-402F-A91D-2DB10F8C5171}.Release Multithreaded|x64.Build.0 = ReleaseDLL|x64
		{8484C90D-1561-402F-A91D-2DB10F8C5171}.Release Singlethreaded|Win32.ActiveCfg = ReleaseDLL|Win32
		{8484C90D-1561-402F-A91D-2DB10F8C5171}.Release Singlethreaded|Win32.Build.0 = ReleaseDLL|Win32
		{8484C90D-1561-402F-A91D-2DB10F8C5171}.Release Singlethreaded|x64.ActiveCfg = ReleaseDLL|x64
		{8484C90D-1561-402F-A91D-2DB10F8C5171}.Release Singlethreaded|x64.Build.0 = ReleaseDLL|x64
		{8484C90D-1561-402F-A91D-2DB10F8C5171}.Release|Win32.ActiveCfg = Release|Win32
		{8484C90D-1561-402F-A91D-2DB10F8C5171}.Release|Win32.Build.0 = Release|Win32
		{8484C90D-1561-402F-A91D-2DB10F8C5171}.Release|x64.ActiveCfg = Release|x64
		{8484C90D-1561-402F-A91D-2DB10F8C5171}.Release|x64.Build.0 = Release|x64
		{8484C90D-1561-402F-A91D-2DB10F8C5171}.ReleaseDLL|Win32.ActiveCfg = ReleaseDLL|Win32
		{8484C90D-1561-402F-A91D-2DB10F8C5171}.ReleaseDLL|Win32.Build.0 = ReleaseDLL|Win32
		{8484C90D-1561-402F-A91D-2DB10F8C5171}.ReleaseDLL|x64.ActiveCfg = ReleaseDLL|x64
		{8484C90D-1561-402F-A91D-2DB10F8C5171}.ReleaseDLL|x64.Build.0 = ReleaseDLL|x64
		{9C4961D2-5DDB-40C7-9BE8-CA918DC4E782}.Debug Multithreaded|Win32.ActiveCfg = DebugDLL|Win32
		{9C4961D2-5DDB-40C7-9BE8-CA918DC4E782}.Debug Multithreaded|Win32.Build.0 = DebugDLL|Win32
		{9C4961D2-5DDB-40C7-9BE8-CA918DC4E782}.Debug Multithreaded|x64.ActiveCfg = DebugDLL|x64
		{9C4961D2-5DDB-40C7-9BE8-CA918DC4E782}.Debug Multithreaded|x64.Build.0 = DebugDLL|x64
		{9C4961D2-5DDB-40C7-9BE8-CA918DC4E782}.Debug Singlethreaded|Win32.ActiveCfg = DebugDLL|Win32
		{9C4961D2-5DDB-40C7-9BE8-CA918DC4E782}.Debug Singlethreaded|Win32.Build.0 = DebugDLL|Win32
		{9C4961D2-5DDB-40C7-9BE8-CA918DC4E782}.Debug Singlethreaded|x64.ActiveCfg = DebugDLL|x64
		{9C4961D2-5DDB-40C7-9BE8-CA918DC4E782}.Debug Singlethreaded|x64.Build.0 = DebugDLL|x64
		{9C4961D2-5DDB-40C7-9BE8-CA918DC4E782}.Debug|Win32.ActiveCfg = Debug|Win32
		{9C4961D2-5DDB-40C7-9BE8-CA918DC4E782}.Debug|Win32.Build.0 = Debug|Win32
		{9C4961D2-5DDB-40C7-9BE8-CA918DC4E782}.Debug|x64.ActiveCfg = Debug|x64
		{9C4961D2-5DDB-40C7-9BE8-CA918DC4E782}.Debug|x64.Build.0 = Debug|x64
		{9C4961D2-5DDB-40C7-9BE8-CA918DC4E782}.DebugDLL|Win32.ActiveCfg = DebugDLL|Win32
		{9C4961D2-5DDB-40C7-9BE8-CA918DC4E782}.DebugDLL|Win32.Build.0 = DebugDLL|Win32
		{9C4961D2-5DDB-40C7-9BE8-CA918DC4E782}.DebugDLL|x64.ActiveCfg = DebugDLL|x64
		{9C4961D2-5DDB-40C7-9BE8-CA918DC4E782}.DebugDLL|x64.Build.0 = DebugDLL|x64
		{9C4961D2-5DDB-40C7-9BE8-CA918DC4E782}.Release Enable Debugger|Win32.ActiveCfg = ReleaseDLL|Win32
		{9C4961D2-5DDB-40C7-9BE8-CA918DC4E782}.Release Enable Debugger|Win32.Build.0 = ReleaseDLL|Win32
		{9C4961D2-5DDB-40C7-9BE8-CA918DC4E782}.Release Enable Debugger|x64.ActiveCfg = ReleaseDLL|x64
		{9C4961D2-5DDB-40C7-9BE8-CA918DC4E782}.Release Enable Debugger|x64.Build.0 = ReleaseDLL|x64
		{9C4961D2-5DDB-40C7-9BE8-CA918DC4E782}.Release Multithreaded|Win32.ActiveCfg = ReleaseDLL|Win32
		{9C4961D2-5DDB-40C7-9BE8-CA918DC4E782}.Release Multithreaded|Win32.Build.0 = ReleaseDLL|Win32
		{9C4961D2-5DDB-40C7-9BE8-CA918DC4E782}.Release Multithreaded|x64.ActiveCfg = ReleaseDLL|x64
		{9C4961D2-5DDB-40C7-9BE8-CA918DC4E782}.Release Multithreaded|x64.Build.0 = ReleaseDLL|x64
		{9C4961D2-5DDB-40C7-9BE8-CA918DC4E782}.Release Singlethreaded|Win32.ActiveCfg = ReleaseDLL|Win32
		{9C4961D2-5DDB-40C7-9BE8-CA918DC4E782}.Release Singlethreaded|Win32.Build.0 = ReleaseDLL|Win32
		{9C4961D2-5DDB-40C7-9BE8-CA918DC4E782}.Release Singlethreaded|x64.ActiveCfg = ReleaseDLL|x64
		{9C4961D2-5DDB-40C7-9BE8-CA918DC4E782}.Release Singlethreaded|x64.Build.0 = ReleaseDLL|x64
		{9C4961D2-5DDB-40C7-9BE8-CA918DC4E782}.Release|Win32.ActiveCfg = Release|Win32
		{9C4961D2-5DDB-40C7-9BE8-CA918DC4E782}.Release|Win32.Build.0 = Release|Win32
		{9C4961D2-5DDB-40C7-9BE8-CA918DC4E782}.Release|x64.ActiveCfg = Release|x64
		{9C4961D2-5DDB-40C7-9BE8-CA918DC4E782}.Release|x64.Build.0 = Release|x64
		{9C4961D2-5DDB-40C7-9BE8-CA918DC4E782}.ReleaseDLL|Win32.ActiveCfg = ReleaseDLL|Win32
		{9C4961D2-5DDB-40C7-9BE8-CA918DC4E782}.ReleaseDLL|Win32.Build.0 = ReleaseDLL|Win32
		{9C4961D2-5DDB-40C7-9BE8-CA918DC4E782}.ReleaseDLL|x64.ActiveCfg = ReleaseDLL|x64
		{9C4961D2-5DDB-40C7-9BE8-CA918DC4E782}.ReleaseDLL|x64.Build.0 = ReleaseDLL|x64
		{1A4B5203-52EB-4805-9511-84B1BD094FCA}.Debug Multithreaded|Win32.ActiveCfg = Debug|Win32
		{1A4B5203-52EB-4805-9511-84B1BD094FCA}.Debug Multithreaded|Win32.Build.0 = Debug|Win32
		{1A4B5203-52EB-4805-9511-84B1BD094FCA}.Debug Multithreaded|x64.ActiveCfg = Release|Win32
		{1A4B5203-52EB-4805-9511-84B1BD094FCA}.Debug Multithreaded|x64.Build.0 = Release|Win32
		{1A4B5203-52EB-4805-9511-84B1BD094FCA}.Debug Singlethreaded|Win32.ActiveCfg = Debug|Win32
		{1A4B5203-52EB-4805-9511-84B1BD094FCA}.Debug Singlethreaded|Win32.Build.0 = Debug|Win32
		{1A4B5203-52EB-4805-9511-84B1BD094FCA}.Debug Singlethreaded|x64.ActiveCfg = Release|Win32
		{1A4B5203-52EB-4805-9511-84B1BD094FCA}.Debug Singlethreaded|x64.Build.0 = Release|Win32
		{1A4B5203-52EB-4805-9511-84B1BD094FCA}.Debug|Win32.ActiveCfg = Debug|Win32
		{1A4B5203-52EB-4805-9511-84B1BD094FCA}.Debug|Win32.Build.0 = Debug|Win32
		{1A4B5203-52EB-4805-9511-84B1BD094FCA}.Debug|x64.ActiveCfg = Debug|Win32
		{1A4B5203-52EB-4805-9511-84B1BD094FCA}.DebugDLL|Win32.ActiveCfg = Debug|Win32
		{1A4B5203-52EB-4805-9511-84B1BD094FCA}.DebugDLL|Win32.Build.0 = Debug|Win32
		{1A4B5203-52EB-4805-9511-84B1BD094FCA}.DebugDLL|x64.ActiveCfg = Release|Win32
		{1A4B5203-52EB-4805-9511-84B1BD094FCA}.DebugDLL|x64.Build.0 = Release|Win32
		{1A4B5203-52EB-4805-9511-84B1BD094FCA}.Release Enable Debugger|Win32.ActiveCfg = Release|Win32
		{1A4B5203-52EB-4805-9511-84B1BD094FCA}.Release Enable Debugger|Win32.Build.0 = Release|Win32
		{1A4B5203-52EB-4805-9511-84B1BD094FCA}.Release Enable Debugger|x64.ActiveCfg = Release|Win32
		{1A4B5203-52EB-4805-9511-84B1BD094FCA}.Release Enable Debugger|x64.Build.0 = Release|Win32
		{1A4B5203-52EB-4805-9511-84B1BD094FCA}.Release Multithreaded|Win32.ActiveCfg = Release|Win32
		{1A4B5203-52EB-4805-9511-84B1BD094FCA}.Release Multithreaded|Win32.Build.0 = Release|Win32
		{1A4B5203-52EB-4805-9511-84B1BD094FCA}.Release Multithreaded|x64.ActiveCfg = Release|Win32
		{1A4B5203-52EB-4805-9511-84B1BD094FCA}.Release Multithreaded|x64.Build.0 = Release|Win32
		{1A4B5203-52EB-4805-9511-84B1BD094FCA}.Release Singlethreaded|Win32.ActiveCfg = Release|Win32
		{1A4B5203-52EB-4805-9511-84B1BD094FCA}.Release Singlethreaded|Win32.Build.0 = Release|Win32
		{1A4B5203-52EB-4805-9511-84B1BD094FCA}.Release Singlethreaded|x64.ActiveCfg = Release|Win32
		{1A4B5203-52EB-4805-9511-84B1BD094FCA}.Release Singlethreaded|x64.Build.0 = Release|Win32
		{1A4B5203-52EB-4805-9511-84B1BD094FCA}.Release|Win32.ActiveCfg = Release|Win32
		{1A4B5203-52EB-4805-9511-84B1BD094FCA}.Release|Win32.Build.0 = Release|Win32
		{1A4B5203-52EB-4805-9511-84B1BD094FCA}.Release|x64.ActiveCfg = Release|Win32
		{1A4B5203-52EB-4805-9511-84B1BD094FCA}.ReleaseDLL|Win32.ActiveCfg = Release|Win32
		{1A4B5203-52EB-4805-9511-84B1BD094FCA}.ReleaseDLL|Win32.Build.0 = Release|Win32
		{1A4B5203-52EB-4805-9511-84B1BD094FCA}.ReleaseDLL|x64.ActiveCfg = Release|Win32
		{1A4B5203-52EB-4805-9511-84B1BD094FCA}.ReleaseDLL|x64.Build.0 = Release|Win32
	EndGlobalSection
	GlobalSection(SolutionProperties) = preSolution
		HideSolutionNode = FALSE
	EndGlobalSection
	GlobalSection(NestedProjects) = preSolution
		{777AC703-C49D-E67C-F2EA-2BEDE272A25F} = {5A4211FB-7C8E-451A-949B-6554866A4FD5}
		{D5D676ED-C189-2A6B-8DE3-F4CA6175550F} = {5A4211FB-7C8E-451A-949B-6554866A4FD5}
		{D51F95B2-D343-6B88-7902-C392ACC99260} = {5A4211FB-7C8E-451A-949B-6554866A4FD5}
		{7AB4B0C9-D974-3A65-ED87-61816B6917CB} = {5A4211FB-7C8E-451A-949B-6554866A4FD5}
		{2C440506-61D0-D32C-EB09-EE8639551197} = {5A4211FB-7C8E-451A-949B-6554866A4FD5}
		{6CCCC557-DFA3-68D4-31FA-1EFB0C5F37B2} = {5A4211FB-7C8E-451A-949B-6554866A4FD5}
		{47A3E249-4072-CEAC-C824-93730F91967A} = {5A4211FB-7C8E-451A-949B-6554866A4FD5}
		{3A46013C-B640-778D-0A72-AD5B5DA3DDDD} = {5A4211FB-7C8E-451A-949B-6554866A4FD5}
		{7642CFD5-F187-3E3F-F8FF-859949B9F13E} = {5A4211FB-7C8E-451A-949B-6554866A4FD5}
		{6AC42CF5-8088-F4BE-7C3D-1BD1BD440FCC} = {5A4211FB-7C8E-451A-949B-6554866A4FD5}
		{15CBFEFF-7965-41F5-B4E2-21E8795C9159} = {82056B15-BF03-4F20-BA61-A3C75C05009C}
		{245603E3-F580-41A5-9632-B25FE3372CBF} = {82056B15-BF03-4F20-BA61-A3C75C05009C}
		{219EC965-228A-1824-174D-96449D05F88A} = {82056B15-BF03-4F20-BA61-A3C75C05009C}
		{C303D2FC-FF97-49B8-9DDD-467B4C9A0B16} = {82056B15-BF03-4F20-BA61-A3C75C05009C}
		{8484C90D-1561-402F-A91D-2DB10F8C5171} = {82056B15-BF03-4F20-BA61-A3C75C05009C}
		{9C4961D2-5DDB-40C7-9BE8-CA918DC4E782} = {82056B15-BF03-4F20-BA61-A3C75C05009C}
		{1A4B5203-52EB-4805-9511-84B1BD094FCA} = {82056B15-BF03-4F20-BA61-A3C75C05009C}
	EndGlobalSection
EndGlobal
