<?xml version="1.0" encoding="utf-8"?>
<Project ToolsVersion="4.0" xmlns="http://schemas.microsoft.com/developer/msbuild/2003">
  <ItemGroup>
    <Filter Include="Source Files">
      <UniqueIdentifier>{f5d341ba-a9b2-4f2f-9a77-708df4e4217a}</UniqueIdentifier>
      <Extensions>cpp;c;cxx;rc;def;r;odl;idl;hpj;bat</Extensions>
    </Filter>
    <Filter Include="Header Files">
      <UniqueIdentifier>{b95d5a68-fae0-4222-8010-cc6ba285e7f0}</UniqueIdentifier>
      <Extensions>h;hpp;hxx;hm;inl</Extensions>
    </Filter>
    <Filter Include="Resource Files">
      <UniqueIdentifier>{a96a934b-28d3-4115-ac53-a53393a8d36d}</UniqueIdentifier>
      <Extensions>ico;cur;bmp;dlg;rc2;rct;bin;rgs;gif;jpg;jpeg;jpe</Extensions>
    </Filter>
  </ItemGroup>
  <ItemGroup>
    <ClCompile Include="asyncio.cpp">
      <Filter>Source Files</Filter>
    </ClCompile>
    <ClCompile Include="asyncrdr.cpp">
      <Filter>Source Files</Filter>
    </ClCompile>
    <ClCompile Include="BufferRenderer.cpp">
      <Filter>Source Files</Filter>
    </ClCompile>
    <ClCompile Include="CDemuxOutputPin.cpp">
      <Filter>Source Files</Filter>
    </ClCompile>
    <ClCompile Include="CDemuxSource.cpp">
      <Filter>Source Files</Filter>
    </ClCompile>
    <ClCompile Include="CMediaSeekingProxy.cpp">
      <Filter>Source Files</Filter>
    </ClCompile>
    <ClCompile Include="CVMRCustomAllocatorPresenter9.cpp">
      <Filter>Source Files</Filter>
    </ClCompile>
    <ClCompile Include="CWMAllocator.cpp">
      <Filter>Source Files</Filter>
    </ClCompile>
    <ClCompile Include="CWMBuffer.cpp">
      <Filter>Source Files</Filter>
    </ClCompile>
    <ClCompile Include="CWMReader.cpp">
      <Filter>Source Files</Filter>
    </ClCompile>
    <ClCompile Include="DShowException.cpp">
      <Filter>Source Files</Filter>
    </ClCompile>
    <ClCompile Include="dslayerd.cpp">
      <Filter>Source Files</Filter>
    </ClCompile>
    <ClCompile Include="dsmixer.cpp">
      <Filter>Source Files</Filter>
    </ClCompile>
    <ClCompile Include="dsmovie.cpp">
      <Filter>Source Files</Filter>
    </ClCompile>
    <ClCompile Include="dsoverlay.cpp">
      <Filter>Source Files</Filter>
    </ClCompile>
    <ClCompile Include="IBufferRenderer_i.c">
      <Filter>Source Files</Filter>
    </ClCompile>
    <ClCompile Include="IRendererBufferAccess_i.c">
      <Filter>Source Files</Filter>
    </ClCompile>
    <ClCompile Include="IRendererBufferVideo_i.c">
      <Filter>Source Files</Filter>
    </ClCompile>
    <ClCompile Include="krlmovie.cpp">
      <Filter>Source Files</Filter>
    </ClCompile>
    <ClCompile Include="krmmovie.cpp">
      <Filter>Source Files</Filter>
    </ClCompile>
    <ClCompile Include="krmovie.cpp">
      <Filter>Source Files</Filter>
    </ClCompile>
    <ClCompile Include="StdAfx.cpp">
      <Filter>Source Files</Filter>
    </ClCompile>
    <ClCompile Include="..\..\..\..\plugins\win32\tp_stub.cpp">
      <Filter>Source Files</Filter>
    </ClCompile>
    <ClCompile Include="MFPlayer.cpp">
      <Filter>Source Files</Filter>
    </ClCompile>
  </ItemGroup>
  <ItemGroup>
    <None Include="krmovie.def">
      <Filter>Source Files</Filter>
    </None>
    <None Include="option_desc_ja.json">
      <Filter>Resource Files</Filter>
    </None>
  </ItemGroup>
  <ItemGroup>
    <ResourceCompile Include="krmovie.rc">
      <Filter>Source Files</Filter>
    </ResourceCompile>
  </ItemGroup>
  <ItemGroup>
    <ClInclude Include="asyncio.h">
      <Filter>Header Files</Filter>
    </ClInclude>
    <ClInclude Include="asyncrdr.h">
      <Filter>Header Files</Filter>
    </ClInclude>
    <ClInclude Include="BufferRenderer.h">
      <Filter>Header Files</Filter>
    </ClInclude>
    <ClInclude Include="CDemuxOutputPin.h">
      <Filter>Header Files</Filter>
    </ClInclude>
    <ClInclude Include="CDemuxSource.h">
      <Filter>Header Files</Filter>
    </ClInclude>
    <ClInclude Include="CDLLLoader.h">
      <Filter>Header Files</Filter>
    </ClInclude>
    <ClInclude Include="CIStream.h">
      <Filter>Header Files</Filter>
    </ClInclude>
    <ClInclude Include="CMediaSeekingProxy.h">
      <Filter>Header Files</Filter>
    </ClInclude>
    <ClInclude Include="CVMRCustomAllocatorPresenter9.h">
      <Filter>Header Files</Filter>
    </ClInclude>
    <ClInclude Include="CWMAllocator.h">
      <Filter>Header Files</Filter>
    </ClInclude>
    <ClInclude Include="CWMBuffer.h">
      <Filter>Header Files</Filter>
    </ClInclude>
    <ClInclude Include="CWMReader.h">
      <Filter>Header Files</Filter>
    </ClInclude>
    <ClInclude Include="DShowException.h">
      <Filter>Header Files</Filter>
    </ClInclude>
    <ClInclude Include="dslayerd.h">
      <Filter>Header Files</Filter>
    </ClInclude>
    <ClInclude Include="dsmixer.h">
      <Filter>Header Files</Filter>
    </ClInclude>
    <ClInclude Include="dsmovie.h">
      <Filter>Header Files</Filter>
    </ClInclude>
    <ClInclude Include="dsoverlay.h">
      <Filter>Header Files</Filter>
    </ClInclude>
    <ClInclude Include="IBufferRenderer.h">
      <Filter>Header Files</Filter>
    </ClInclude>
    <ClInclude Include="IDemuxReader.h">
      <Filter>Header Files</Filter>
    </ClInclude>
    <ClInclude Include="IRendererBufferAccess.h">
      <Filter>Header Files</Filter>
    </ClInclude>
    <ClInclude Include="IRendererBufferVideo.h">
      <Filter>Header Files</Filter>
    </ClInclude>
    <ClInclude Include="OptionInfo.h">
      <Filter>Header Files</Filter>
    </ClInclude>
    <ClInclude Include="resource.h">
      <Filter>Header Files</Filter>
    </ClInclude>
    <ClInclude Include="StdAfx.h">
      <Filter>Header Files</Filter>
    </ClInclude>
    <ClInclude Include="..\..\..\..\plugins\win32\tp_stub.h">
      <Filter>Header Files</Filter>
    </ClInclude>
    <ClInclude Include="MFPlayer.h">
      <Filter>Header Files</Filter>
    </ClInclude>
  </ItemGroup>
  <ItemGroup>
    <Text Include="ReadMe.txt" />
  </ItemGroup>
</Project>