
Microsoft Visual Studio Solution File, Format Version 9.00
# Visual Studio 2005
Project("{8BC9CEB8-8B4A-11D0-8D11-00A0C91BC942}") = "layerExCairo", "layerExCairo.vcproj", "{6ABFD34D-AA26-4201-8F4B-667AE3908C4B}"
	ProjectSection(ProjectDependencies) = postProject
		{C5225478-A937-4559-88D1-82FFA146A5F7} = {C5225478-A937-4559-88D1-82FFA146A5F7}
	EndProjectSection
EndProject
Project("{8BC9CEB8-8B4A-11D0-8D11-00A0C91BC942}") = "cairo", "cairo.vcproj", "{C5225478-A937-4559-88D1-82FFA146A5F7}"
	ProjectSection(ProjectDependencies) = postProject
		{4D60AC68-DE6A-4E37-A0CD-A52D1ECD6646} = {4D60AC68-DE6A-4E37-A0CD-A52D1ECD6646}
		{241BEC70-FCFC-46C7-84E1-B489C135F9DA} = {241BEC70-FCFC-46C7-84E1-B489C135F9DA}
	EndProjectSection
EndProject
Project("{8BC9CEB8-8B4A-11D0-8D11-00A0C91BC942}") = "zlib", "zlib.vcproj", "{4D60AC68-DE6A-4E37-A0CD-A52D1ECD6646}"
EndProject
Project("{8BC9CEB8-8B4A-11D0-8D11-00A0C91BC942}") = "pixman", "pixman.vcproj", "{241BEC70-FCFC-46C7-84E1-B489C135F9DA}"
EndProject
Global
	GlobalSection(SolutionConfigurationPlatforms) = preSolution
		Debug|Win32 = Debug|Win32
		Release|Win32 = Release|Win32
	EndGlobalSection
	GlobalSection(ProjectConfigurationPlatforms) = postSolution
		{6ABFD34D-AA26-4201-8F4B-667AE3908C4B}.Debug|Win32.ActiveCfg = Debug|Win32
		{6ABFD34D-AA26-4201-8F4B-667AE3908C4B}.Debug|Win32.Build.0 = Debug|Win32
		{6ABFD34D-AA26-4201-8F4B-667AE3908C4B}.Release|Win32.ActiveCfg = Release|Win32
		{6ABFD34D-AA26-4201-8F4B-667AE3908C4B}.Release|Win32.Build.0 = Release|Win32
		{C5225478-A937-4559-88D1-82FFA146A5F7}.Debug|Win32.ActiveCfg = Debug|Win32
		{C5225478-A937-4559-88D1-82FFA146A5F7}.Debug|Win32.Build.0 = Debug|Win32
		{C5225478-A937-4559-88D1-82FFA146A5F7}.Release|Win32.ActiveCfg = Release|Win32
		{C5225478-A937-4559-88D1-82FFA146A5F7}.Release|Win32.Build.0 = Release|Win32
		{4D60AC68-DE6A-4E37-A0CD-A52D1ECD6646}.Debug|Win32.ActiveCfg = Debug|Win32
		{4D60AC68-DE6A-4E37-A0CD-A52D1ECD6646}.Debug|Win32.Build.0 = Debug|Win32
		{4D60AC68-DE6A-4E37-A0CD-A52D1ECD6646}.Release|Win32.ActiveCfg = Release|Win32
		{4D60AC68-DE6A-4E37-A0CD-A52D1ECD6646}.Release|Win32.Build.0 = Release|Win32
		{241BEC70-FCFC-46C7-84E1-B489C135F9DA}.Debug|Win32.ActiveCfg = Debug|Win32
		{241BEC70-FCFC-46C7-84E1-B489C135F9DA}.Debug|Win32.Build.0 = Debug|Win32
		{241BEC70-FCFC-46C7-84E1-B489C135F9DA}.Release|Win32.ActiveCfg = Release|Win32
		{241BEC70-FCFC-46C7-84E1-B489C135F9DA}.Release|Win32.Build.0 = Release|Win32
	EndGlobalSection
	GlobalSection(SolutionProperties) = preSolution
		HideSolutionNode = FALSE
	EndGlobalSection
EndGlobal
