<?xml version="1.0" encoding="utf-8"?>
<Project ToolsVersion="4.0" xmlns="http://schemas.microsoft.com/developer/msbuild/2003">
  <ItemGroup>
    <Filter Include="Source Files">
      <UniqueIdentifier>{d301cb9e-a62d-4f8b-823e-1aeb371c0846}</UniqueIdentifier>
      <Extensions>cpp;c;cxx;def;odl;idl;hpj;bat;asm</Extensions>
    </Filter>
    <Filter Include="Header Files">
      <UniqueIdentifier>{d16d99de-b4a6-48a5-b361-ea406eee7f8d}</UniqueIdentifier>
      <Extensions>h;hpp;hxx;hm;inl;inc</Extensions>
    </Filter>
    <Filter Include="Resource Files">
      <UniqueIdentifier>{84d61d60-2d11-4043-bf30-b25c1e267d2a}</UniqueIdentifier>
      <Extensions>rc;ico;cur;bmp;dlg;rc2;rct;bin;rgs;gif;jpg;jpeg;jpe</Extensions>
    </Filter>
  </ItemGroup>
  <ItemGroup>
    <ClCompile Include="AutoAnxSeekTable.cpp">
      <Filter>Source Files</Filter>
    </ClCompile>
    <ClCompile Include="AutoOggChainGranuleSeekTable.cpp">
      <Filter>Source Files</Filter>
    </ClCompile>
    <ClCompile Include="AutoOggSeekTable.cpp">
      <Filter>Source Files</Filter>
    </ClCompile>
    <ClCompile Include="OggGranuleSeekTable.cpp">
      <Filter>Source Files</Filter>
    </ClCompile>
    <ClCompile Include="OggSeekPoint.cpp">
      <Filter>Source Files</Filter>
    </ClCompile>
    <ClCompile Include="OggSeekTable.cpp">
      <Filter>Source Files</Filter>
    </ClCompile>
    <ClCompile Include="OGGSRecogniser.cpp">
      <Filter>Source Files</Filter>
    </ClCompile>
  </ItemGroup>
  <ItemGroup>
    <ClInclude Include="AutoAnxSeekTable.h">
      <Filter>Header Files</Filter>
    </ClInclude>
    <ClInclude Include="AutoOggChainGranuleSeekTable.h">
      <Filter>Header Files</Filter>
    </ClInclude>
    <ClInclude Include="AutoOggSeekTable.h">
      <Filter>Header Files</Filter>
    </ClInclude>
    <ClInclude Include="IOggDecoderSeek.h">
      <Filter>Header Files</Filter>
    </ClInclude>
    <ClInclude Include="IOggSeeker.h">
      <Filter>Header Files</Filter>
    </ClInclude>
    <ClInclude Include="libOOOggSeek.h">
      <Filter>Header Files</Filter>
    </ClInclude>
    <ClInclude Include="OggGranuleSeekTable.h">
      <Filter>Header Files</Filter>
    </ClInclude>
    <ClInclude Include="OggSeekPoint.h">
      <Filter>Header Files</Filter>
    </ClInclude>
    <ClInclude Include="OggSeekTable.h">
      <Filter>Header Files</Filter>
    </ClInclude>
    <ClInclude Include="OGGSRecogniser.h">
      <Filter>Header Files</Filter>
    </ClInclude>
    <ClInclude Include="stdafx.h">
      <Filter>Header Files</Filter>
    </ClInclude>
  </ItemGroup>
</Project>