
Microsoft Visual Studio Solution File, Format Version 9.00
# Visual Studio 2005
Project("{8BC9CEB8-8B4A-11D0-8D11-00A0C91BC942}") = "layerExLongExposure", "layerExLongExposure.vcproj", "{AD7232A7-36C8-6148-80CB-26C23058B8F3}"
EndProject
Global
	GlobalSection(SolutionConfigurationPlatforms) = preSolution
		Release|Win32 = Release|Win32
		Debug|Win32 = Debug|Win32
	EndGlobalSection
	GlobalSection(ProjectConfigurationPlatforms) = postSolution
		{AD7232A7-36C8-6148-80CB-26C23058B8F3}.Release|Win32.ActiveCfg = Release|Win32
		{AD7232A7-36C8-6148-80CB-26C23058B8F3}.Release|Win32.Build.0 = Release|Win32
		{AD7232A7-36C8-6148-80CB-26C23058B8F3}.Debug|Win32.ActiveCfg = Debug|Win32
		{AD7232A7-36C8-6148-80CB-26C23058B8F3}.Debug|Win32.Build.0 = Debug|Win32
	EndGlobalSection
	GlobalSection(SolutionProperties) = preSolution
		HideSolutionNode = FALSE
	EndGlobalSection
EndGlobal
