
Microsoft Visual Studio Solution File, Format Version 10.00
# Visual C++ Express 2008
Project("{8BC9CEB8-8B4A-11D0-8D11-00A0C91BC942}") = "xpressive", "xpressive.vcproj", "{C2546597-393F-421A-8389-3057451D6D41}"
EndProject
Global
	GlobalSection(SolutionConfigurationPlatforms) = preSolution
		Debug|Win32 = Debug|Win32
		Release|Win32 = Release|Win32
	EndGlobalSection
	GlobalSection(ProjectConfigurationPlatforms) = postSolution
		{C2546597-393F-421A-8389-3057451D6D41}.Debug|Win32.ActiveCfg = Debug|Win32
		{C2546597-393F-421A-8389-3057451D6D41}.Debug|Win32.Build.0 = Debug|Win32
		{C2546597-393F-421A-8389-3057451D6D41}.Release|Win32.ActiveCfg = Release|Win32
		{C2546597-393F-421A-8389-3057451D6D41}.Release|Win32.Build.0 = Release|Win32
	EndGlobalSection
	GlobalSection(SolutionProperties) = preSolution
		HideSolutionNode = FALSE
	EndGlobalSection
EndGlobal
