<?xml version="1.0" encoding="utf-8"?>
<Project ToolsVersion="4.0" xmlns="http://schemas.microsoft.com/developer/msbuild/2003">
  <ItemGroup>
    <Filter Include="Source Files">
      <UniqueIdentifier>{58ec2608-970e-4e5e-a08a-c502f86510d5}</UniqueIdentifier>
      <Extensions>cpp;c;cxx;def;odl;idl;hpj;bat;asm</Extensions>
    </Filter>
    <Filter Include="Header Files">
      <UniqueIdentifier>{7c802144-768f-46f3-a0c4-a98dc0d81c0a}</UniqueIdentifier>
      <Extensions>h;hpp;hxx;hm;inl;inc</Extensions>
    </Filter>
    <Filter Include="Resource Files">
      <UniqueIdentifier>{b1ef7057-bc5f-4a52-b378-93c9751b634e}</UniqueIdentifier>
      <Extensions>rc;ico;cur;bmp;dlg;rc2;rct;bin;rgs;gif;jpg;jpeg;jpe</Extensions>
    </Filter>
  </ItemGroup>
  <ItemGroup>
    <ClCompile Include="CircularBuffer.cpp">
      <Filter>Source Files</Filter>
    </ClCompile>
    <ClCompile Include="OggDataBuffer.cpp">
      <Filter>Source Files</Filter>
    </ClCompile>
    <ClCompile Include="OggMuxStream.cpp">
      <Filter>Source Files</Filter>
    </ClCompile>
    <ClCompile Include="OggPacket.cpp">
      <Filter>Source Files</Filter>
    </ClCompile>
    <ClCompile Include="OggPacketiser.cpp">
      <Filter>Source Files</Filter>
    </ClCompile>
    <ClCompile Include="OggPage.cpp">
      <Filter>Source Files</Filter>
    </ClCompile>
    <ClCompile Include="OggPageHeader.cpp">
      <Filter>Source Files</Filter>
    </ClCompile>
    <ClCompile Include="OggPageInterleaver.cpp">
      <Filter>Source Files</Filter>
    </ClCompile>
    <ClCompile Include="OggPaginator.cpp">
      <Filter>Source Files</Filter>
    </ClCompile>
    <ClCompile Include="OggPaginatorSettings.cpp">
      <Filter>Source Files</Filter>
    </ClCompile>
    <ClCompile Include="StampedOggPacket.cpp">
      <Filter>Source Files</Filter>
    </ClCompile>
  </ItemGroup>
  <ItemGroup>
    <ClInclude Include="CircularBuffer.h">
      <Filter>Header Files</Filter>
    </ClInclude>
    <ClInclude Include="dllstuff.h">
      <Filter>Header Files</Filter>
    </ClInclude>
    <ClInclude Include="IFIFOBuffer.h">
      <Filter>Header Files</Filter>
    </ClInclude>
    <ClInclude Include="INotifyArrival.h">
      <Filter>Header Files</Filter>
    </ClInclude>
    <ClInclude Include="INotifyComplete.h">
      <Filter>Header Files</Filter>
    </ClInclude>
    <ClInclude Include="IOggCallback.h">
      <Filter>Header Files</Filter>
    </ClInclude>
    <ClInclude Include="IOggPackSource.h">
      <Filter>Header Files</Filter>
    </ClInclude>
    <ClInclude Include="IStampedOggPacketSink.h">
      <Filter>Header Files</Filter>
    </ClInclude>
    <ClInclude Include="libOOOgg.h">
      <Filter>Header Files</Filter>
    </ClInclude>
    <ClInclude Include="OggDataBuffer.h">
      <Filter>Header Files</Filter>
    </ClInclude>
    <ClInclude Include="OggMuxStream.h">
      <Filter>Header Files</Filter>
    </ClInclude>
    <ClInclude Include="OggPacket.h">
      <Filter>Header Files</Filter>
    </ClInclude>
    <ClInclude Include="OggPacketiser.h">
      <Filter>Header Files</Filter>
    </ClInclude>
    <ClInclude Include="OggPage.h">
      <Filter>Header Files</Filter>
    </ClInclude>
    <ClInclude Include="OggPageHeader.h">
      <Filter>Header Files</Filter>
    </ClInclude>
    <ClInclude Include="OggPageInterleaver.h">
      <Filter>Header Files</Filter>
    </ClInclude>
    <ClInclude Include="OggPaginator.h">
      <Filter>Header Files</Filter>
    </ClInclude>
    <ClInclude Include="OggPaginatorSettings.h">
      <Filter>Header Files</Filter>
    </ClInclude>
    <ClInclude Include="OggTypeDefs.h">
      <Filter>Header Files</Filter>
    </ClInclude>
    <ClInclude Include="StampedOggPacket.h">
      <Filter>Header Files</Filter>
    </ClInclude>
    <ClInclude Include="stdafx.h">
      <Filter>Header Files</Filter>
    </ClInclude>
  </ItemGroup>
</Project>