
Microsoft Visual Studio Solution File, Format Version 12.00
# Visual Studio 2012
Project("{8BC9CEB8-8B4A-11D0-8D11-00A0C91BC942}") = "tvpwin32", "tvpwin32.vcxproj", "{0DA37E3E-48F9-4853-AB2A-76D79042203C}"
	ProjectSection(ProjectDependencies) = postProject
		{F3DED308-7A6F-4B9F-8EDF-AF99DEC8BDE3} = {F3DED308-7A6F-4B9F-8EDF-AF99DEC8BDE3}
		{F99F7B19-47A6-4677-94F2-93C12CF1FB97} = {F99F7B19-47A6-4677-94F2-93C12CF1FB97}
		{6BCEBA3B-7D1D-4D63-AB31-CA4570295560} = {6BCEBA3B-7D1D-4D63-AB31-CA4570295560}
		{4B4C055C-170E-4DCF-8F73-BED91BE7CFA4} = {4B4C055C-170E-4DCF-8F73-BED91BE7CFA4}
		{70F4D261-0235-4052-B1CF-5BE29660A43E} = {70F4D261-0235-4052-B1CF-5BE29660A43E}
		{04C6127E-4773-4BAE-8FE6-DC29F4F542E1} = {04C6127E-4773-4BAE-8FE6-DC29F4F542E1}
		{32F80B9E-3F3F-4E14-88B3-9FD4665DE3CB} = {32F80B9E-3F3F-4E14-88B3-9FD4665DE3CB}
		{8E9408A9-0942-4CAD-8427-DDC271F0F080} = {8E9408A9-0942-4CAD-8427-DDC271F0F080}
		{78B079BD-9FC7-4B9E-B4A6-96DA0F00248B} = {78B079BD-9FC7-4B9E-B4A6-96DA0F00248B}
		{A69603CC-65E8-443F-8E31-737DBD6BB0DB} = {A69603CC-65E8-443F-8E31-737DBD6BB0DB}
		{DBBF98E4-BD0A-4BB8-BB02-E77B003E9A6E} = {DBBF98E4-BD0A-4BB8-BB02-E77B003E9A6E}
	EndProjectSection
EndProject
Project("{8BC9CEB8-8B4A-11D0-8D11-00A0C91BC942}") = "jpeg-6bx", "..\external\jpeg-6bx\jpeg-6bx.vcxproj", "{32F80B9E-3F3F-4E14-88B3-9FD4665DE3CB}"
	ProjectSection(ProjectDependencies) = postProject
		{449C5E29-B3C3-48D3-9BEC-ACA3F8DA22B9} = {449C5E29-B3C3-48D3-9BEC-ACA3F8DA22B9}
	EndProjectSection
EndProject
Project("{8BC9CEB8-8B4A-11D0-8D11-00A0C91BC942}") = "jpeg-6bx-makecfg", "..\external\jpeg-6bx\jpeg-6bx-makecfg.vcxproj", "{449C5E29-B3C3-48D3-9BEC-ACA3F8DA22B9}"
EndProject
Project("{8BC9CEB8-8B4A-11D0-8D11-00A0C91BC942}") = "zlib", "..\external\zlib\zlib.vcxproj", "{70F4D261-0235-4052-B1CF-5BE29660A43E}"
EndProject
Project("{8BC9CEB8-8B4A-11D0-8D11-00A0C91BC942}") = "freetype", "..\external\freetype\builds\win32\vc2012\freetype.vcxproj", "{78B079BD-9FC7-4B9E-B4A6-96DA0F00248B}"
EndProject
Project("{8BC9CEB8-8B4A-11D0-8D11-00A0C91BC942}") = "libpng", "..\external\lpng\libpng.vcxproj", "{6BCEBA3B-7D1D-4D63-AB31-CA4570295560}"
	ProjectSection(ProjectDependencies) = postProject
		{70F4D261-0235-4052-B1CF-5BE29660A43E} = {70F4D261-0235-4052-B1CF-5BE29660A43E}
	EndProjectSection
EndProject
Project("{8BC9CEB8-8B4A-11D0-8D11-00A0C91BC942}") = "onig_s", "..\external\onig\onig_s.vcxproj", "{DBBF98E4-BD0A-4BB8-BB02-E77B003E9A6E}"
EndProject
Project("{8BC9CEB8-8B4A-11D0-8D11-00A0C91BC942}") = "tvpgl_ia32", "..\visual\IA32\tvpgl_ia32.vcxproj", "{04C6127E-4773-4BAE-8FE6-DC29F4F542E1}"
EndProject
Project("{8BC9CEB8-8B4A-11D0-8D11-00A0C91BC942}") = "tvpsnd_ia32", "..\sound\cpu\tvpsnd_ia32.vcxproj", "{8E9408A9-0942-4CAD-8427-DDC271F0F080}"
EndProject
Project("{8BC9CEB8-8B4A-11D0-8D11-00A0C91BC942}") = "JXRCommonLib", "..\external\jxrlib\image\vc11projects\CommonLib_vc11.vcxproj", "{4B4C055C-170E-4DCF-8F73-BED91BE7CFA4}"
EndProject
Project("{8BC9CEB8-8B4A-11D0-8D11-00A0C91BC942}") = "JXRDecodeLib", "..\external\jxrlib\image\vc11projects\DecodeLib_vc11.vcxproj", "{F3DED308-7A6F-4B9F-8EDF-AF99DEC8BDE3}"
EndProject
Project("{8BC9CEB8-8B4A-11D0-8D11-00A0C91BC942}") = "JXREncodeLib", "..\external\jxrlib\image\vc11projects\EncodeLib_vc11.vcxproj", "{F99F7B19-47A6-4677-94F2-93C12CF1FB97}"
EndProject
Project("{8BC9CEB8-8B4A-11D0-8D11-00A0C91BC942}") = "JXRGlueLib", "..\external\jxrlib\jxrgluelib\JXRGlueLib_vc11.vcxproj", "{A69603CC-65E8-443F-8E31-737DBD6BB0DB}"
EndProject
Global
	GlobalSection(SolutionConfigurationPlatforms) = preSolution
		Debug Multithreaded|Win32 = Debug Multithreaded|Win32
		Debug Multithreaded|x64 = Debug Multithreaded|x64
		Debug Singlethreaded|Win32 = Debug Singlethreaded|Win32
		Debug Singlethreaded|x64 = Debug Singlethreaded|x64
		Debug|Win32 = Debug|Win32
		Debug|x64 = Debug|x64
		Release Enable Debugger|Win32 = Release Enable Debugger|Win32
		Release Enable Debugger|x64 = Release Enable Debugger|x64
		Release Multithreaded|Win32 = Release Multithreaded|Win32
		Release Multithreaded|x64 = Release Multithreaded|x64
		Release Singlethreaded|Win32 = Release Singlethreaded|Win32
		Release Singlethreaded|x64 = Release Singlethreaded|x64
		Release|Win32 = Release|Win32
		Release|x64 = Release|x64
	EndGlobalSection
	GlobalSection(ProjectConfigurationPlatforms) = postSolution
		{0DA37E3E-48F9-4853-AB2A-76D79042203C}.Debug Multithreaded|Win32.ActiveCfg = Debug|Win32
		{0DA37E3E-48F9-4853-AB2A-76D79042203C}.Debug Multithreaded|Win32.Build.0 = Debug|Win32
		{0DA37E3E-48F9-4853-AB2A-76D79042203C}.Debug Multithreaded|x64.ActiveCfg = Debug|Win32
		{0DA37E3E-48F9-4853-AB2A-76D79042203C}.Debug Singlethreaded|Win32.ActiveCfg = Debug|Win32
		{0DA37E3E-48F9-4853-AB2A-76D79042203C}.Debug Singlethreaded|Win32.Build.0 = Debug|Win32
		{0DA37E3E-48F9-4853-AB2A-76D79042203C}.Debug Singlethreaded|x64.ActiveCfg = Debug|Win32
		{0DA37E3E-48F9-4853-AB2A-76D79042203C}.Debug|Win32.ActiveCfg = Debug|Win32
		{0DA37E3E-48F9-4853-AB2A-76D79042203C}.Debug|Win32.Build.0 = Debug|Win32
		{0DA37E3E-48F9-4853-AB2A-76D79042203C}.Debug|x64.ActiveCfg = Debug|Win32
		{0DA37E3E-48F9-4853-AB2A-76D79042203C}.Release Enable Debugger|Win32.ActiveCfg = Release Enable Debugger|Win32
		{0DA37E3E-48F9-4853-AB2A-76D79042203C}.Release Enable Debugger|Win32.Build.0 = Release Enable Debugger|Win32
		{0DA37E3E-48F9-4853-AB2A-76D79042203C}.Release Enable Debugger|x64.ActiveCfg = Release Enable Debugger|Win32
		{0DA37E3E-48F9-4853-AB2A-76D79042203C}.Release Multithreaded|Win32.ActiveCfg = Release|Win32
		{0DA37E3E-48F9-4853-AB2A-76D79042203C}.Release Multithreaded|Win32.Build.0 = Release|Win32
		{0DA37E3E-48F9-4853-AB2A-76D79042203C}.Release Multithreaded|x64.ActiveCfg = Release Enable Debugger|Win32
		{0DA37E3E-48F9-4853-AB2A-76D79042203C}.Release Singlethreaded|Win32.ActiveCfg = Release|Win32
		{0DA37E3E-48F9-4853-AB2A-76D79042203C}.Release Singlethreaded|Win32.Build.0 = Release|Win32
		{0DA37E3E-48F9-4853-AB2A-76D79042203C}.Release Singlethreaded|x64.ActiveCfg = Release Enable Debugger|Win32
		{0DA37E3E-48F9-4853-AB2A-76D79042203C}.Release|Win32.ActiveCfg = Release|Win32
		{0DA37E3E-48F9-4853-AB2A-76D79042203C}.Release|Win32.Build.0 = Release|Win32
		{0DA37E3E-48F9-4853-AB2A-76D79042203C}.Release|x64.ActiveCfg = Release|Win32
		{32F80B9E-3F3F-4E14-88B3-9FD4665DE3CB}.Debug Multithreaded|Win32.ActiveCfg = Debug|Win32
		{32F80B9E-3F3F-4E14-88B3-9FD4665DE3CB}.Debug Multithreaded|Win32.Build.0 = Debug|Win32
		{32F80B9E-3F3F-4E14-88B3-9FD4665DE3CB}.Debug Multithreaded|x64.ActiveCfg = Debug|Win32
		{32F80B9E-3F3F-4E14-88B3-9FD4665DE3CB}.Debug Singlethreaded|Win32.ActiveCfg = Debug|Win32
		{32F80B9E-3F3F-4E14-88B3-9FD4665DE3CB}.Debug Singlethreaded|Win32.Build.0 = Debug|Win32
		{32F80B9E-3F3F-4E14-88B3-9FD4665DE3CB}.Debug Singlethreaded|x64.ActiveCfg = Debug|Win32
		{32F80B9E-3F3F-4E14-88B3-9FD4665DE3CB}.Debug|Win32.ActiveCfg = Debug|Win32
		{32F80B9E-3F3F-4E14-88B3-9FD4665DE3CB}.Debug|Win32.Build.0 = Debug|Win32
		{32F80B9E-3F3F-4E14-88B3-9FD4665DE3CB}.Debug|x64.ActiveCfg = Debug|Win32
		{32F80B9E-3F3F-4E14-88B3-9FD4665DE3CB}.Release Enable Debugger|Win32.ActiveCfg = Release|Win32
		{32F80B9E-3F3F-4E14-88B3-9FD4665DE3CB}.Release Enable Debugger|Win32.Build.0 = Release|Win32
		{32F80B9E-3F3F-4E14-88B3-9FD4665DE3CB}.Release Enable Debugger|x64.ActiveCfg = Release|Win32
		{32F80B9E-3F3F-4E14-88B3-9FD4665DE3CB}.Release Multithreaded|Win32.ActiveCfg = Release|Win32
		{32F80B9E-3F3F-4E14-88B3-9FD4665DE3CB}.Release Multithreaded|Win32.Build.0 = Release|Win32
		{32F80B9E-3F3F-4E14-88B3-9FD4665DE3CB}.Release Multithreaded|x64.ActiveCfg = Release|Win32
		{32F80B9E-3F3F-4E14-88B3-9FD4665DE3CB}.Release Singlethreaded|Win32.ActiveCfg = Release|Win32
		{32F80B9E-3F3F-4E14-88B3-9FD4665DE3CB}.Release Singlethreaded|Win32.Build.0 = Release|Win32
		{32F80B9E-3F3F-4E14-88B3-9FD4665DE3CB}.Release Singlethreaded|x64.ActiveCfg = Release|Win32
		{32F80B9E-3F3F-4E14-88B3-9FD4665DE3CB}.Release|Win32.ActiveCfg = Release|Win32
		{32F80B9E-3F3F-4E14-88B3-9FD4665DE3CB}.Release|Win32.Build.0 = Release|Win32
		{32F80B9E-3F3F-4E14-88B3-9FD4665DE3CB}.Release|x64.ActiveCfg = Release|Win32
		{449C5E29-B3C3-48D3-9BEC-ACA3F8DA22B9}.Debug Multithreaded|Win32.ActiveCfg = Debug|Win32
		{449C5E29-B3C3-48D3-9BEC-ACA3F8DA22B9}.Debug Multithreaded|Win32.Build.0 = Debug|Win32
		{449C5E29-B3C3-48D3-9BEC-ACA3F8DA22B9}.Debug Multithreaded|x64.ActiveCfg = Debug|Win32
		{449C5E29-B3C3-48D3-9BEC-ACA3F8DA22B9}.Debug Singlethreaded|Win32.ActiveCfg = Debug|Win32
		{449C5E29-B3C3-48D3-9BEC-ACA3F8DA22B9}.Debug Singlethreaded|Win32.Build.0 = Debug|Win32
		{449C5E29-B3C3-48D3-9BEC-ACA3F8DA22B9}.Debug Singlethreaded|x64.ActiveCfg = Debug|Win32
		{449C5E29-B3C3-48D3-9BEC-ACA3F8DA22B9}.Debug|Win32.ActiveCfg = Debug|Win32
		{449C5E29-B3C3-48D3-9BEC-ACA3F8DA22B9}.Debug|Win32.Build.0 = Debug|Win32
		{449C5E29-B3C3-48D3-9BEC-ACA3F8DA22B9}.Debug|x64.ActiveCfg = Debug|Win32
		{449C5E29-B3C3-48D3-9BEC-ACA3F8DA22B9}.Release Enable Debugger|Win32.ActiveCfg = Release|Win32
		{449C5E29-B3C3-48D3-9BEC-ACA3F8DA22B9}.Release Enable Debugger|Win32.Build.0 = Release|Win32
		{449C5E29-B3C3-48D3-9BEC-ACA3F8DA22B9}.Release Enable Debugger|x64.ActiveCfg = Release|Win32
		{449C5E29-B3C3-48D3-9BEC-ACA3F8DA22B9}.Release Multithreaded|Win32.ActiveCfg = Release|Win32
		{449C5E29-B3C3-48D3-9BEC-ACA3F8DA22B9}.Release Multithreaded|Win32.Build.0 = Release|Win32
		{449C5E29-B3C3-48D3-9BEC-ACA3F8DA22B9}.Release Multithreaded|x64.ActiveCfg = Release|Win32
		{449C5E29-B3C3-48D3-9BEC-ACA3F8DA22B9}.Release Singlethreaded|Win32.ActiveCfg = Release|Win32
		{449C5E29-B3C3-48D3-9BEC-ACA3F8DA22B9}.Release Singlethreaded|Win32.Build.0 = Release|Win32
		{449C5E29-B3C3-48D3-9BEC-ACA3F8DA22B9}.Release Singlethreaded|x64.ActiveCfg = Release|Win32
		{449C5E29-B3C3-48D3-9BEC-ACA3F8DA22B9}.Release|Win32.ActiveCfg = Release|Win32
		{449C5E29-B3C3-48D3-9BEC-ACA3F8DA22B9}.Release|Win32.Build.0 = Release|Win32
		{449C5E29-B3C3-48D3-9BEC-ACA3F8DA22B9}.Release|x64.ActiveCfg = Release|Win32
		{70F4D261-0235-4052-B1CF-5BE29660A43E}.Debug Multithreaded|Win32.ActiveCfg = Debug|Win32
		{70F4D261-0235-4052-B1CF-5BE29660A43E}.Debug Multithreaded|Win32.Build.0 = Debug|Win32
		{70F4D261-0235-4052-B1CF-5BE29660A43E}.Debug Multithreaded|x64.ActiveCfg = Debug|Win32
		{70F4D261-0235-4052-B1CF-5BE29660A43E}.Debug Singlethreaded|Win32.ActiveCfg = Debug|Win32
		{70F4D261-0235-4052-B1CF-5BE29660A43E}.Debug Singlethreaded|Win32.Build.0 = Debug|Win32
		{70F4D261-0235-4052-B1CF-5BE29660A43E}.Debug Singlethreaded|x64.ActiveCfg = Debug|Win32
		{70F4D261-0235-4052-B1CF-5BE29660A43E}.Debug|Win32.ActiveCfg = Debug|Win32
		{70F4D261-0235-4052-B1CF-5BE29660A43E}.Debug|Win32.Build.0 = Debug|Win32
		{70F4D261-0235-4052-B1CF-5BE29660A43E}.Debug|x64.ActiveCfg = Debug|Win32
		{70F4D261-0235-4052-B1CF-5BE29660A43E}.Release Enable Debugger|Win32.ActiveCfg = Release|Win32
		{70F4D261-0235-4052-B1CF-5BE29660A43E}.Release Enable Debugger|Win32.Build.0 = Release|Win32
		{70F4D261-0235-4052-B1CF-5BE29660A43E}.Release Enable Debugger|x64.ActiveCfg = Release|Win32
		{70F4D261-0235-4052-B1CF-5BE29660A43E}.Release Multithreaded|Win32.ActiveCfg = Release|Win32
		{70F4D261-0235-4052-B1CF-5BE29660A43E}.Release Multithreaded|Win32.Build.0 = Release|Win32
		{70F4D261-0235-4052-B1CF-5BE29660A43E}.Release Multithreaded|x64.ActiveCfg = Release|Win32
		{70F4D261-0235-4052-B1CF-5BE29660A43E}.Release Singlethreaded|Win32.ActiveCfg = Release|Win32
		{70F4D261-0235-4052-B1CF-5BE29660A43E}.Release Singlethreaded|Win32.Build.0 = Release|Win32
		{70F4D261-0235-4052-B1CF-5BE29660A43E}.Release Singlethreaded|x64.ActiveCfg = Release|Win32
		{70F4D261-0235-4052-B1CF-5BE29660A43E}.Release|Win32.ActiveCfg = Release|Win32
		{70F4D261-0235-4052-B1CF-5BE29660A43E}.Release|Win32.Build.0 = Release|Win32
		{70F4D261-0235-4052-B1CF-5BE29660A43E}.Release|x64.ActiveCfg = Release|Win32
		{78B079BD-9FC7-4B9E-B4A6-96DA0F00248B}.Debug Multithreaded|Win32.ActiveCfg = Debug Multithreaded|Win32
		{78B079BD-9FC7-4B9E-B4A6-96DA0F00248B}.Debug Multithreaded|Win32.Build.0 = Debug Multithreaded|Win32
		{78B079BD-9FC7-4B9E-B4A6-96DA0F00248B}.Debug Multithreaded|x64.ActiveCfg = Debug Multithreaded|Win32
		{78B079BD-9FC7-4B9E-B4A6-96DA0F00248B}.Debug Singlethreaded|Win32.ActiveCfg = Debug Singlethreaded|Win32
		{78B079BD-9FC7-4B9E-B4A6-96DA0F00248B}.Debug Singlethreaded|Win32.Build.0 = Debug Singlethreaded|Win32
		{78B079BD-9FC7-4B9E-B4A6-96DA0F00248B}.Debug Singlethreaded|x64.ActiveCfg = Debug Singlethreaded|Win32
		{78B079BD-9FC7-4B9E-B4A6-96DA0F00248B}.Debug|Win32.ActiveCfg = Debug Multithreaded|Win32
		{78B079BD-9FC7-4B9E-B4A6-96DA0F00248B}.Debug|Win32.Build.0 = Debug Multithreaded|Win32
		{78B079BD-9FC7-4B9E-B4A6-96DA0F00248B}.Debug|x64.ActiveCfg = Debug|Win32
		{78B079BD-9FC7-4B9E-B4A6-96DA0F00248B}.Release Enable Debugger|Win32.ActiveCfg = Release Multithreaded|Win32
		{78B079BD-9FC7-4B9E-B4A6-96DA0F00248B}.Release Enable Debugger|Win32.Build.0 = Release Multithreaded|Win32
		{78B079BD-9FC7-4B9E-B4A6-96DA0F00248B}.Release Enable Debugger|x64.ActiveCfg = Release Singlethreaded|Win32
		{78B079BD-9FC7-4B9E-B4A6-96DA0F00248B}.Release Multithreaded|Win32.ActiveCfg = Release Multithreaded|Win32
		{78B079BD-9FC7-4B9E-B4A6-96DA0F00248B}.Release Multithreaded|Win32.Build.0 = Release Multithreaded|Win32
		{78B079BD-9FC7-4B9E-B4A6-96DA0F00248B}.Release Multithreaded|x64.ActiveCfg = Release Multithreaded|Win32
		{78B079BD-9FC7-4B9E-B4A6-96DA0F00248B}.Release Singlethreaded|Win32.ActiveCfg = Release Singlethreaded|Win32
		{78B079BD-9FC7-4B9E-B4A6-96DA0F00248B}.Release Singlethreaded|Win32.Build.0 = Release Singlethreaded|Win32
		{78B079BD-9FC7-4B9E-B4A6-96DA0F00248B}.Release Singlethreaded|x64.ActiveCfg = Release Singlethreaded|Win32
		{78B079BD-9FC7-4B9E-B4A6-96DA0F00248B}.Release|Win32.ActiveCfg = Release Multithreaded|Win32
		{78B079BD-9FC7-4B9E-B4A6-96DA0F00248B}.Release|Win32.Build.0 = Release Multithreaded|Win32
		{78B079BD-9FC7-4B9E-B4A6-96DA0F00248B}.Release|x64.ActiveCfg = Release|Win32
		{6BCEBA3B-7D1D-4D63-AB31-CA4570295560}.Debug Multithreaded|Win32.ActiveCfg = Debug|Win32
		{6BCEBA3B-7D1D-4D63-AB31-CA4570295560}.Debug Multithreaded|Win32.Build.0 = Debug|Win32
		{6BCEBA3B-7D1D-4D63-AB31-CA4570295560}.Debug Multithreaded|x64.ActiveCfg = Debug|Win32
		{6BCEBA3B-7D1D-4D63-AB31-CA4570295560}.Debug Singlethreaded|Win32.ActiveCfg = Debug|Win32
		{6BCEBA3B-7D1D-4D63-AB31-CA4570295560}.Debug Singlethreaded|Win32.Build.0 = Debug|Win32
		{6BCEBA3B-7D1D-4D63-AB31-CA4570295560}.Debug Singlethreaded|x64.ActiveCfg = Debug|Win32
		{6BCEBA3B-7D1D-4D63-AB31-CA4570295560}.Debug|Win32.ActiveCfg = Debug|Win32
		{6BCEBA3B-7D1D-4D63-AB31-CA4570295560}.Debug|Win32.Build.0 = Debug|Win32
		{6BCEBA3B-7D1D-4D63-AB31-CA4570295560}.Debug|x64.ActiveCfg = Debug|Win32
		{6BCEBA3B-7D1D-4D63-AB31-CA4570295560}.Release Enable Debugger|Win32.ActiveCfg = Release|Win32
		{6BCEBA3B-7D1D-4D63-AB31-CA4570295560}.Release Enable Debugger|Win32.Build.0 = Release|Win32
		{6BCEBA3B-7D1D-4D63-AB31-CA4570295560}.Release Enable Debugger|x64.ActiveCfg = Release|Win32
		{6BCEBA3B-7D1D-4D63-AB31-CA4570295560}.Release Multithreaded|Win32.ActiveCfg = Release|Win32
		{6BCEBA3B-7D1D-4D63-AB31-CA4570295560}.Release Multithreaded|Win32.Build.0 = Release|Win32
		{6BCEBA3B-7D1D-4D63-AB31-CA4570295560}.Release Multithreaded|x64.ActiveCfg = Release|Win32
		{6BCEBA3B-7D1D-4D63-AB31-CA4570295560}.Release Singlethreaded|Win32.ActiveCfg = Release|Win32
		{6BCEBA3B-7D1D-4D63-AB31-CA4570295560}.Release Singlethreaded|Win32.Build.0 = Release|Win32
		{6BCEBA3B-7D1D-4D63-AB31-CA4570295560}.Release Singlethreaded|x64.ActiveCfg = Release|Win32
		{6BCEBA3B-7D1D-4D63-AB31-CA4570295560}.Release|Win32.ActiveCfg = Release|Win32
		{6BCEBA3B-7D1D-4D63-AB31-CA4570295560}.Release|Win32.Build.0 = Release|Win32
		{6BCEBA3B-7D1D-4D63-AB31-CA4570295560}.Release|x64.ActiveCfg = Release|Win32
		{DBBF98E4-BD0A-4BB8-BB02-E77B003E9A6E}.Debug Multithreaded|Win32.ActiveCfg = Debug|Win32
		{DBBF98E4-BD0A-4BB8-BB02-E77B003E9A6E}.Debug Multithreaded|Win32.Build.0 = Debug|Win32
		{DBBF98E4-BD0A-4BB8-BB02-E77B003E9A6E}.Debug Multithreaded|x64.ActiveCfg = Debug|Win32
		{DBBF98E4-BD0A-4BB8-BB02-E77B003E9A6E}.Debug Singlethreaded|Win32.ActiveCfg = Debug|Win32
		{DBBF98E4-BD0A-4BB8-BB02-E77B003E9A6E}.Debug Singlethreaded|Win32.Build.0 = Debug|Win32
		{DBBF98E4-BD0A-4BB8-BB02-E77B003E9A6E}.Debug Singlethreaded|x64.ActiveCfg = Debug|Win32
		{DBBF98E4-BD0A-4BB8-BB02-E77B003E9A6E}.Debug|Win32.ActiveCfg = Debug|Win32
		{DBBF98E4-BD0A-4BB8-BB02-E77B003E9A6E}.Debug|Win32.Build.0 = Debug|Win32
		{DBBF98E4-BD0A-4BB8-BB02-E77B003E9A6E}.Debug|x64.ActiveCfg = Debug|Win32
		{DBBF98E4-BD0A-4BB8-BB02-E77B003E9A6E}.Release Enable Debugger|Win32.ActiveCfg = Release|Win32
		{DBBF98E4-BD0A-4BB8-BB02-E77B003E9A6E}.Release Enable Debugger|Win32.Build.0 = Release|Win32
		{DBBF98E4-BD0A-4BB8-BB02-E77B003E9A6E}.Release Enable Debugger|x64.ActiveCfg = Release|Win32
		{DBBF98E4-BD0A-4BB8-BB02-E77B003E9A6E}.Release Multithreaded|Win32.ActiveCfg = Release|Win32
		{DBBF98E4-BD0A-4BB8-BB02-E77B003E9A6E}.Release Multithreaded|Win32.Build.0 = Release|Win32
		{DBBF98E4-BD0A-4BB8-BB02-E77B003E9A6E}.Release Multithreaded|x64.ActiveCfg = Release|Win32
		{DBBF98E4-BD0A-4BB8-BB02-E77B003E9A6E}.Release Singlethreaded|Win32.ActiveCfg = Release|Win32
		{DBBF98E4-BD0A-4BB8-BB02-E77B003E9A6E}.Release Singlethreaded|Win32.Build.0 = Release|Win32
		{DBBF98E4-BD0A-4BB8-BB02-E77B003E9A6E}.Release Singlethreaded|x64.ActiveCfg = Release|Win32
		{DBBF98E4-BD0A-4BB8-BB02-E77B003E9A6E}.Release|Win32.ActiveCfg = Release|Win32
		{DBBF98E4-BD0A-4BB8-BB02-E77B003E9A6E}.Release|Win32.Build.0 = Release|Win32
		{DBBF98E4-BD0A-4BB8-BB02-E77B003E9A6E}.Release|x64.ActiveCfg = Release|Win32
		{04C6127E-4773-4BAE-8FE6-DC29F4F542E1}.Debug Multithreaded|Win32.ActiveCfg = Debug|Win32
		{04C6127E-4773-4BAE-8FE6-DC29F4F542E1}.Debug Multithreaded|Win32.Build.0 = Debug|Win32
		{04C6127E-4773-4BAE-8FE6-DC29F4F542E1}.Debug Multithreaded|x64.ActiveCfg = Debug|Win32
		{04C6127E-4773-4BAE-8FE6-DC29F4F542E1}.Debug Singlethreaded|Win32.ActiveCfg = Debug|Win32
		{04C6127E-4773-4BAE-8FE6-DC29F4F542E1}.Debug Singlethreaded|Win32.Build.0 = Debug|Win32
		{04C6127E-4773-4BAE-8FE6-DC29F4F542E1}.Debug Singlethreaded|x64.ActiveCfg = Debug|Win32
		{04C6127E-4773-4BAE-8FE6-DC29F4F542E1}.Debug|Win32.ActiveCfg = Debug|Win32
		{04C6127E-4773-4BAE-8FE6-DC29F4F542E1}.Debug|Win32.Build.0 = Debug|Win32
		{04C6127E-4773-4BAE-8FE6-DC29F4F542E1}.Debug|x64.ActiveCfg = Debug|Win32
		{04C6127E-4773-4BAE-8FE6-DC29F4F542E1}.Release Enable Debugger|Win32.ActiveCfg = Release|Win32
		{04C6127E-4773-4BAE-8FE6-DC29F4F542E1}.Release Enable Debugger|Win32.Build.0 = Release|Win32
		{04C6127E-4773-4BAE-8FE6-DC29F4F542E1}.Release Enable Debugger|x64.ActiveCfg = Release|Win32
		{04C6127E-4773-4BAE-8FE6-DC29F4F542E1}.Release Multithreaded|Win32.ActiveCfg = Release|Win32
		{04C6127E-4773-4BAE-8FE6-DC29F4F542E1}.Release Multithreaded|Win32.Build.0 = Release|Win32
		{04C6127E-4773-4BAE-8FE6-DC29F4F542E1}.Release Multithreaded|x64.ActiveCfg = Release|Win32
		{04C6127E-4773-4BAE-8FE6-DC29F4F542E1}.Release Singlethreaded|Win32.ActiveCfg = Release|Win32
		{04C6127E-4773-4BAE-8FE6-DC29F4F542E1}.Release Singlethreaded|Win32.Build.0 = Release|Win32
		{04C6127E-4773-4BAE-8FE6-DC29F4F542E1}.Release Singlethreaded|x64.ActiveCfg = Release|Win32
		{04C6127E-4773-4BAE-8FE6-DC29F4F542E1}.Release|Win32.ActiveCfg = Release|Win32
		{04C6127E-4773-4BAE-8FE6-DC29F4F542E1}.Release|Win32.Build.0 = Release|Win32
		{04C6127E-4773-4BAE-8FE6-DC29F4F542E1}.Release|x64.ActiveCfg = Release|Win32
		{8E9408A9-0942-4CAD-8427-DDC271F0F080}.Debug Multithreaded|Win32.ActiveCfg = Debug|Win32
		{8E9408A9-0942-4CAD-8427-DDC271F0F080}.Debug Multithreaded|Win32.Build.0 = Debug|Win32
		{8E9408A9-0942-4CAD-8427-DDC271F0F080}.Debug Multithreaded|x64.ActiveCfg = Debug|Win32
		{8E9408A9-0942-4CAD-8427-DDC271F0F080}.Debug Singlethreaded|Win32.ActiveCfg = Debug|Win32
		{8E9408A9-0942-4CAD-8427-DDC271F0F080}.Debug Singlethreaded|Win32.Build.0 = Debug|Win32
		{8E9408A9-0942-4CAD-8427-DDC271F0F080}.Debug Singlethreaded|x64.ActiveCfg = Debug|Win32
		{8E9408A9-0942-4CAD-8427-DDC271F0F080}.Debug|Win32.ActiveCfg = Debug|Win32
		{8E9408A9-0942-4CAD-8427-DDC271F0F080}.Debug|Win32.Build.0 = Debug|Win32
		{8E9408A9-0942-4CAD-8427-DDC271F0F080}.Debug|x64.ActiveCfg = Debug|Win32
		{8E9408A9-0942-4CAD-8427-DDC271F0F080}.Release Enable Debugger|Win32.ActiveCfg = Release|Win32
		{8E9408A9-0942-4CAD-8427-DDC271F0F080}.Release Enable Debugger|Win32.Build.0 = Release|Win32
		{8E9408A9-0942-4CAD-8427-DDC271F0F080}.Release Enable Debugger|x64.ActiveCfg = Release|Win32
		{8E9408A9-0942-4CAD-8427-DDC271F0F080}.Release Multithreaded|Win32.ActiveCfg = Release|Win32
		{8E9408A9-0942-4CAD-8427-DDC271F0F080}.Release Multithreaded|Win32.Build.0 = Release|Win32
		{8E9408A9-0942-4CAD-8427-DDC271F0F080}.Release Multithreaded|x64.ActiveCfg = Release|Win32
		{8E9408A9-0942-4CAD-8427-DDC271F0F080}.Release Singlethreaded|Win32.ActiveCfg = Release|Win32
		{8E9408A9-0942-4CAD-8427-DDC271F0F080}.Release Singlethreaded|Win32.Build.0 = Release|Win32
		{8E9408A9-0942-4CAD-8427-DDC271F0F080}.Release Singlethreaded|x64.ActiveCfg = Release|Win32
		{8E9408A9-0942-4CAD-8427-DDC271F0F080}.Release|Win32.ActiveCfg = Release|Win32
		{8E9408A9-0942-4CAD-8427-DDC271F0F080}.Release|Win32.Build.0 = Release|Win32
		{8E9408A9-0942-4CAD-8427-DDC271F0F080}.Release|x64.ActiveCfg = Release|Win32
		{4B4C055C-170E-4DCF-8F73-BED91BE7CFA4}.Debug Multithreaded|Win32.ActiveCfg = Debug|Win32
		{4B4C055C-170E-4DCF-8F73-BED91BE7CFA4}.Debug Multithreaded|Win32.Build.0 = Debug|Win32
		{4B4C055C-170E-4DCF-8F73-BED91BE7CFA4}.Debug Multithreaded|x64.ActiveCfg = Debug|x64
		{4B4C055C-170E-4DCF-8F73-BED91BE7CFA4}.Debug Multithreaded|x64.Build.0 = Debug|x64
		{4B4C055C-170E-4DCF-8F73-BED91BE7CFA4}.Debug Singlethreaded|Win32.ActiveCfg = Debug|Win32
		{4B4C055C-170E-4DCF-8F73-BED91BE7CFA4}.Debug Singlethreaded|Win32.Build.0 = Debug|Win32
		{4B4C055C-170E-4DCF-8F73-BED91BE7CFA4}.Debug Singlethreaded|x64.ActiveCfg = Debug|x64
		{4B4C055C-170E-4DCF-8F73-BED91BE7CFA4}.Debug Singlethreaded|x64.Build.0 = Debug|x64
		{4B4C055C-170E-4DCF-8F73-BED91BE7CFA4}.Debug|Win32.ActiveCfg = Debug|Win32
		{4B4C055C-170E-4DCF-8F73-BED91BE7CFA4}.Debug|Win32.Build.0 = Debug|Win32
		{4B4C055C-170E-4DCF-8F73-BED91BE7CFA4}.Debug|x64.ActiveCfg = Debug|x64
		{4B4C055C-170E-4DCF-8F73-BED91BE7CFA4}.Debug|x64.Build.0 = Debug|x64
		{4B4C055C-170E-4DCF-8F73-BED91BE7CFA4}.Release Enable Debugger|Win32.ActiveCfg = Release|Win32
		{4B4C055C-170E-4DCF-8F73-BED91BE7CFA4}.Release Enable Debugger|Win32.Build.0 = Release|Win32
		{4B4C055C-170E-4DCF-8F73-BED91BE7CFA4}.Release Enable Debugger|x64.ActiveCfg = Release|x64
		{4B4C055C-170E-4DCF-8F73-BED91BE7CFA4}.Release Enable Debugger|x64.Build.0 = Release|x64
		{4B4C055C-170E-4DCF-8F73-BED91BE7CFA4}.Release Multithreaded|Win32.ActiveCfg = Release|Win32
		{4B4C055C-170E-4DCF-8F73-BED91BE7CFA4}.Release Multithreaded|Win32.Build.0 = Release|Win32
		{4B4C055C-170E-4DCF-8F73-BED91BE7CFA4}.Release Multithreaded|x64.ActiveCfg = Release|x64
		{4B4C055C-170E-4DCF-8F73-BED91BE7CFA4}.Release Multithreaded|x64.Build.0 = Release|x64
		{4B4C055C-170E-4DCF-8F73-BED91BE7CFA4}.Release Singlethreaded|Win32.ActiveCfg = Release|Win32
		{4B4C055C-170E-4DCF-8F73-BED91BE7CFA4}.Release Singlethreaded|Win32.Build.0 = Release|Win32
		{4B4C055C-170E-4DCF-8F73-BED91BE7CFA4}.Release Singlethreaded|x64.ActiveCfg = Release|x64
		{4B4C055C-170E-4DCF-8F73-BED91BE7CFA4}.Release Singlethreaded|x64.Build.0 = Release|x64
		{4B4C055C-170E-4DCF-8F73-BED91BE7CFA4}.Release|Win32.ActiveCfg = Release|Win32
		{4B4C055C-170E-4DCF-8F73-BED91BE7CFA4}.Release|Win32.Build.0 = Release|Win32
		{4B4C055C-170E-4DCF-8F73-BED91BE7CFA4}.Release|x64.ActiveCfg = Release|x64
		{4B4C055C-170E-4DCF-8F73-BED91BE7CFA4}.Release|x64.Build.0 = Release|x64
		{F3DED308-7A6F-4B9F-8EDF-AF99DEC8BDE3}.Debug Multithreaded|Win32.ActiveCfg = Debug|Win32
		{F3DED308-7A6F-4B9F-8EDF-AF99DEC8BDE3}.Debug Multithreaded|Win32.Build.0 = Debug|Win32
		{F3DED308-7A6F-4B9F-8EDF-AF99DEC8BDE3}.Debug Multithreaded|x64.ActiveCfg = Debug|x64
		{F3DED308-7A6F-4B9F-8EDF-AF99DEC8BDE3}.Debug Multithreaded|x64.Build.0 = Debug|x64
		{F3DED308-7A6F-4B9F-8EDF-AF99DEC8BDE3}.Debug Singlethreaded|Win32.ActiveCfg = Debug|Win32
		{F3DED308-7A6F-4B9F-8EDF-AF99DEC8BDE3}.Debug Singlethreaded|Win32.Build.0 = Debug|Win32
		{F3DED308-7A6F-4B9F-8EDF-AF99DEC8BDE3}.Debug Singlethreaded|x64.ActiveCfg = Debug|x64
		{F3DED308-7A6F-4B9F-8EDF-AF99DEC8BDE3}.Debug Singlethreaded|x64.Build.0 = Debug|x64
		{F3DED308-7A6F-4B9F-8EDF-AF99DEC8BDE3}.Debug|Win32.ActiveCfg = Debug|Win32
		{F3DED308-7A6F-4B9F-8EDF-AF99DEC8BDE3}.Debug|Win32.Build.0 = Debug|Win32
		{F3DED308-7A6F-4B9F-8EDF-AF99DEC8BDE3}.Debug|x64.ActiveCfg = Debug|x64
		{F3DED308-7A6F-4B9F-8EDF-AF99DEC8BDE3}.Debug|x64.Build.0 = Debug|x64
		{F3DED308-7A6F-4B9F-8EDF-AF99DEC8BDE3}.Release Enable Debugger|Win32.ActiveCfg = Release|Win32
		{F3DED308-7A6F-4B9F-8EDF-AF99DEC8BDE3}.Release Enable Debugger|Win32.Build.0 = Release|Win32
		{F3DED308-7A6F-4B9F-8EDF-AF99DEC8BDE3}.Release Enable Debugger|x64.ActiveCfg = Release|x64
		{F3DED308-7A6F-4B9F-8EDF-AF99DEC8BDE3}.Release Enable Debugger|x64.Build.0 = Release|x64
		{F3DED308-7A6F-4B9F-8EDF-AF99DEC8BDE3}.Release Multithreaded|Win32.ActiveCfg = Release|Win32
		{F3DED308-7A6F-4B9F-8EDF-AF99DEC8BDE3}.Release Multithreaded|Win32.Build.0 = Release|Win32
		{F3DED308-7A6F-4B9F-8EDF-AF99DEC8BDE3}.Release Multithreaded|x64.ActiveCfg = Release|x64
		{F3DED308-7A6F-4B9F-8EDF-AF99DEC8BDE3}.Release Multithreaded|x64.Build.0 = Release|x64
		{F3DED308-7A6F-4B9F-8EDF-AF99DEC8BDE3}.Release Singlethreaded|Win32.ActiveCfg = Release|Win32
		{F3DED308-7A6F-4B9F-8EDF-AF99DEC8BDE3}.Release Singlethreaded|Win32.Build.0 = Release|Win32
		{F3DED308-7A6F-4B9F-8EDF-AF99DEC8BDE3}.Release Singlethreaded|x64.ActiveCfg = Release|x64
		{F3DED308-7A6F-4B9F-8EDF-AF99DEC8BDE3}.Release Singlethreaded|x64.Build.0 = Release|x64
		{F3DED308-7A6F-4B9F-8EDF-AF99DEC8BDE3}.Release|Win32.ActiveCfg = Release|Win32
		{F3DED308-7A6F-4B9F-8EDF-AF99DEC8BDE3}.Release|Win32.Build.0 = Release|Win32
		{F3DED308-7A6F-4B9F-8EDF-AF99DEC8BDE3}.Release|x64.ActiveCfg = Release|x64
		{F3DED308-7A6F-4B9F-8EDF-AF99DEC8BDE3}.Release|x64.Build.0 = Release|x64
		{F99F7B19-47A6-4677-94F2-93C12CF1FB97}.Debug Multithreaded|Win32.ActiveCfg = Debug|Win32
		{F99F7B19-47A6-4677-94F2-93C12CF1FB97}.Debug Multithreaded|Win32.Build.0 = Debug|Win32
		{F99F7B19-47A6-4677-94F2-93C12CF1FB97}.Debug Multithreaded|x64.ActiveCfg = Debug|x64
		{F99F7B19-47A6-4677-94F2-93C12CF1FB97}.Debug Multithreaded|x64.Build.0 = Debug|x64
		{F99F7B19-47A6-4677-94F2-93C12CF1FB97}.Debug Singlethreaded|Win32.ActiveCfg = Debug|Win32
		{F99F7B19-47A6-4677-94F2-93C12CF1FB97}.Debug Singlethreaded|Win32.Build.0 = Debug|Win32
		{F99F7B19-47A6-4677-94F2-93C12CF1FB97}.Debug Singlethreaded|x64.ActiveCfg = Debug|x64
		{F99F7B19-47A6-4677-94F2-93C12CF1FB97}.Debug Singlethreaded|x64.Build.0 = Debug|x64
		{F99F7B19-47A6-4677-94F2-93C12CF1FB97}.Debug|Win32.ActiveCfg = Debug|Win32
		{F99F7B19-47A6-4677-94F2-93C12CF1FB97}.Debug|Win32.Build.0 = Debug|Win32
		{F99F7B19-47A6-4677-94F2-93C12CF1FB97}.Debug|x64.ActiveCfg = Debug|x64
		{F99F7B19-47A6-4677-94F2-93C12CF1FB97}.Debug|x64.Build.0 = Debug|x64
		{F99F7B19-47A6-4677-94F2-93C12CF1FB97}.Release Enable Debugger|Win32.ActiveCfg = Release|Win32
		{F99F7B19-47A6-4677-94F2-93C12CF1FB97}.Release Enable Debugger|Win32.Build.0 = Release|Win32
		{F99F7B19-47A6-4677-94F2-93C12CF1FB97}.Release Enable Debugger|x64.ActiveCfg = Release|x64
		{F99F7B19-47A6-4677-94F2-93C12CF1FB97}.Release Enable Debugger|x64.Build.0 = Release|x64
		{F99F7B19-47A6-4677-94F2-93C12CF1FB97}.Release Multithreaded|Win32.ActiveCfg = Release|Win32
		{F99F7B19-47A6-4677-94F2-93C12CF1FB97}.Release Multithreaded|Win32.Build.0 = Release|Win32
		{F99F7B19-47A6-4677-94F2-93C12CF1FB97}.Release Multithreaded|x64.ActiveCfg = Release|x64
		{F99F7B19-47A6-4677-94F2-93C12CF1FB97}.Release Multithreaded|x64.Build.0 = Release|x64
		{F99F7B19-47A6-4677-94F2-93C12CF1FB97}.Release Singlethreaded|Win32.ActiveCfg = Release|Win32
		{F99F7B19-47A6-4677-94F2-93C12CF1FB97}.Release Singlethreaded|Win32.Build.0 = Release|Win32
		{F99F7B19-47A6-4677-94F2-93C12CF1FB97}.Release Singlethreaded|x64.ActiveCfg = Release|x64
		{F99F7B19-47A6-4677-94F2-93C12CF1FB97}.Release Singlethreaded|x64.Build.0 = Release|x64
		{F99F7B19-47A6-4677-94F2-93C12CF1FB97}.Release|Win32.ActiveCfg = Release|Win32
		{F99F7B19-47A6-4677-94F2-93C12CF1FB97}.Release|Win32.Build.0 = Release|Win32
		{F99F7B19-47A6-4677-94F2-93C12CF1FB97}.Release|x64.ActiveCfg = Release|x64
		{F99F7B19-47A6-4677-94F2-93C12CF1FB97}.Release|x64.Build.0 = Release|x64
		{A69603CC-65E8-443F-8E31-737DBD6BB0DB}.Debug Multithreaded|Win32.ActiveCfg = Debug|Win32
		{A69603CC-65E8-443F-8E31-737DBD6BB0DB}.Debug Multithreaded|Win32.Build.0 = Debug|Win32
		{A69603CC-65E8-443F-8E31-737DBD6BB0DB}.Debug Multithreaded|x64.ActiveCfg = Debug|x64
		{A69603CC-65E8-443F-8E31-737DBD6BB0DB}.Debug Multithreaded|x64.Build.0 = Debug|x64
		{A69603CC-65E8-443F-8E31-737DBD6BB0DB}.Debug Singlethreaded|Win32.ActiveCfg = Debug|Win32
		{A69603CC-65E8-443F-8E31-737DBD6BB0DB}.Debug Singlethreaded|Win32.Build.0 = Debug|Win32
		{A69603CC-65E8-443F-8E31-737DBD6BB0DB}.Debug Singlethreaded|x64.ActiveCfg = Debug|x64
		{A69603CC-65E8-443F-8E31-737DBD6BB0DB}.Debug Singlethreaded|x64.Build.0 = Debug|x64
		{A69603CC-65E8-443F-8E31-737DBD6BB0DB}.Debug|Win32.ActiveCfg = Debug|Win32
		{A69603CC-65E8-443F-8E31-737DBD6BB0DB}.Debug|Win32.Build.0 = Debug|Win32
		{A69603CC-65E8-443F-8E31-737DBD6BB0DB}.Debug|x64.ActiveCfg = Debug|x64
		{A69603CC-65E8-443F-8E31-737DBD6BB0DB}.Debug|x64.Build.0 = Debug|x64
		{A69603CC-65E8-443F-8E31-737DBD6BB0DB}.Release Enable Debugger|Win32.ActiveCfg = Release|Win32
		{A69603CC-65E8-443F-8E31-737DBD6BB0DB}.Release Enable Debugger|Win32.Build.0 = Release|Win32
		{A69603CC-65E8-443F-8E31-737DBD6BB0DB}.Release Enable Debugger|x64.ActiveCfg = Release|x64
		{A69603CC-65E8-443F-8E31-737DBD6BB0DB}.Release Enable Debugger|x64.Build.0 = Release|x64
		{A69603CC-65E8-443F-8E31-737DBD6BB0DB}.Release Multithreaded|Win32.ActiveCfg = Release|Win32
		{A69603CC-65E8-443F-8E31-737DBD6BB0DB}.Release Multithreaded|Win32.Build.0 = Release|Win32
		{A69603CC-65E8-443F-8E31-737DBD6BB0DB}.Release Multithreaded|x64.ActiveCfg = Release|x64
		{A69603CC-65E8-443F-8E31-737DBD6BB0DB}.Release Multithreaded|x64.Build.0 = Release|x64
		{A69603CC-65E8-443F-8E31-737DBD6BB0DB}.Release Singlethreaded|Win32.ActiveCfg = Release|Win32
		{A69603CC-65E8-443F-8E31-737DBD6BB0DB}.Release Singlethreaded|Win32.Build.0 = Release|Win32
		{A69603CC-65E8-443F-8E31-737DBD6BB0DB}.Release Singlethreaded|x64.ActiveCfg = Release|x64
		{A69603CC-65E8-443F-8E31-737DBD6BB0DB}.Release Singlethreaded|x64.Build.0 = Release|x64
		{A69603CC-65E8-443F-8E31-737DBD6BB0DB}.Release|Win32.ActiveCfg = Release|Win32
		{A69603CC-65E8-443F-8E31-737DBD6BB0DB}.Release|Win32.Build.0 = Release|Win32
		{A69603CC-65E8-443F-8E31-737DBD6BB0DB}.Release|x64.ActiveCfg = Release|x64
		{A69603CC-65E8-443F-8E31-737DBD6BB0DB}.Release|x64.Build.0 = Release|x64
	EndGlobalSection
	GlobalSection(SolutionProperties) = preSolution
		HideSolutionNode = FALSE
	EndGlobalSection
EndGlobal
